// !$*UTF8*$!
{
	archiveVersion = 1;
	classes = {
	};
	objectVersion = 50;
	objects = {

/* Begin PBXBuildFile section */
		F86DB667264738D200AA161B /* OutletConnectionsViewController.swift in Sources */ = {isa = PBXBuildFile; fileRef = F86DB665264738D200AA161B /* OutletConnectionsViewController.swift */; };
		F86DB668264738D200AA161B /* OutletConnectionsViewController.xib in Resources */ = {isa = PBXBuildFile; fileRef = F86DB666264738D200AA161B /* OutletConnectionsViewController.xib */; };
		F86DB66A2647396600AA161B /* OutletConnectionsViewControllerTests.swift in Sources */ = {isa = PBXBuildFile; fileRef = F86DB6692647396600AA161B /* OutletConnectionsViewControllerTests.swift */; };
		F87EC82E2645DFC40032B914 /* AppDelegate.swift in Sources */ = {isa = PBXBuildFile; fileRef = F87EC82D2645DFC40032B914 /* AppDelegate.swift */; };
		F87EC8302645DFC40032B914 /* SceneDelegate.swift in Sources */ = {isa = PBXBuildFile; fileRef = F87EC82F2645DFC40032B914 /* SceneDelegate.swift */; };
		F87EC8322645DFC40032B914 /* ViewController.swift in Sources */ = {isa = PBXBuildFile; fileRef = F87EC8312645DFC40032B914 /* ViewController.swift */; };
		F87EC8352645DFC40032B914 /* Main.storyboard in Resources */ = {isa = PBXBuildFile; fileRef = F87EC8332645DFC40032B914 /* Main.storyboard */; };
		F87EC8372645DFC70032B914 /* Assets.xcassets in Resources */ = {isa = PBXBuildFile; fileRef = F87EC8362645DFC70032B914 /* Assets.xcassets */; };
		F87EC83A2645DFC70032B914 /* LaunchScreen.storyboard in Resources */ = {isa = PBXBuildFile; fileRef = F87EC8382645DFC70032B914 /* LaunchScreen.storyboard */; };
/* End PBXBuildFile section */

/* Begin PBXContainerItemProxy section */
		F87EC8412645DFC70032B914 /* PBXContainerItemProxy */ = {
			isa = PBXContainerItemProxy;
			containerPortal = F87EC8222645DFC40032B914 /* Project object */;
			proxyType = 1;
			remoteGlobalIDString = F87EC8292645DFC40032B914;
			remoteInfo = OutletConnections;
		};
/* End PBXContainerItemProxy section */

/* Begin PBXFileReference section */
		F86DB665264738D200AA161B /* OutletConnectionsViewController.swift */ = {isa = PBXFileReference; lastKnownFileType = sourcecode.swift; path = OutletConnectionsViewController.swift; sourceTree = "<group>"; };
		F86DB666264738D200AA161B /* OutletConnectionsViewController.xib */ = {isa = PBXFileReference; lastKnownFileType = file.xib; path = OutletConnectionsViewController.xib; sourceTree = "<group>"; };
		F86DB6692647396600AA161B /* OutletConnectionsViewControllerTests.swift */ = {isa = PBXFileReference; lastKnownFileType = sourcecode.swift; path = OutletConnectionsViewControllerTests.swift; sourceTree = "<group>"; };
		F87EC82A2645DFC40032B914 /* OutletConnections.app */ = {isa = PBXFileReference; explicitFileType = wrapper.application; includeInIndex = 0; path = OutletConnections.app; sourceTree = BUILT_PRODUCTS_DIR; };
		F87EC82D2645DFC40032B914 /* AppDelegate.swift */ = {isa = PBXFileReference; lastKnownFileType = sourcecode.swift; path = AppDelegate.swift; sourceTree = "<group>"; };
		F87EC82F2645DFC40032B914 /* SceneDelegate.swift */ = {isa = PBXFileReference; lastKnownFileType = sourcecode.swift; path = SceneDelegate.swift; sourceTree = "<group>"; };
		F87EC8312645DFC40032B914 /* ViewController.swift */ = {isa = PBXFileReference; lastKnownFileType = sourcecode.swift; path = ViewController.swift; sourceTree = "<group>"; };
		F87EC8342645DFC40032B914 /* Base */ = {isa = PBXFileReference; lastKnownFileType = file.storyboard; name = Base; path = Base.lproj/Main.storyboard; sourceTree = "<group>"; };
		F87EC8362645DFC70032B914 /* Assets.xcassets */ = {isa = PBXFileReference; lastKnownFileType = folder.assetcatalog; path = Assets.xcassets; sourceTree = "<group>"; };
		F87EC8392645DFC70032B914 /* Base */ = {isa = PBXFileReference; lastKnownFileType = file.storyboard; name = Base; path = Base.lproj/LaunchScreen.storyboard; sourceTree = "<group>"; };
		F87EC83B2645DFC70032B914 /* Info.plist */ = {isa = PBXFileReference; lastKnownFileType = text.plist.xml; path = Info.plist; sourceTree = "<group>"; };
		F87EC8402645DFC70032B914 /* OutletConnectionsTests.xctest */ = {isa = PBXFileReference; explicitFileType = wrapper.cfbundle; includeInIndex = 0; path = OutletConnectionsTests.xctest; sourceTree = BUILT_PRODUCTS_DIR; };
		F87EC8462645DFC70032B914 /* Info.plist */ = {isa = PBXFileReference; lastKnownFileType = text.plist.xml; path = Info.plist; sourceTree = "<group>"; };
/* End PBXFileReference section */

/* Begin PBXFrameworksBuildPhase section */
		F87EC8272645DFC40032B914 /* Frameworks */ = {
			isa = PBXFrameworksBuildPhase;
			buildActionMask = 2147483647;
			files = (
			);
			runOnlyForDeploymentPostprocessing = 0;
		};
		F87EC83D2645DFC70032B914 /* Frameworks */ = {
			isa = PBXFrameworksBuildPhase;
			buildActionMask = 2147483647;
			files = (
			);
			runOnlyForDeploymentPostprocessing = 0;
		};
/* End PBXFrameworksBuildPhase section */

/* Begin PBXGroup section */
		F87EC8212645DFC40032B914 = {
			isa = PBXGroup;
			children = (
				F87EC82C2645DFC40032B914 /* OutletConnections */,
				F87EC8432645DFC70032B914 /* OutletConnectionsTests */,
				F87EC82B2645DFC40032B914 /* Products */,
			);
			sourceTree = "<group>";
		};
		F87EC82B2645DFC40032B914 /* Products */ = {
			isa = PBXGroup;
			children = (
				F87EC82A2645DFC40032B914 /* OutletConnections.app */,
				F87EC8402645DFC70032B914 /* OutletConnectionsTests.xctest */,
			);
			name = Products;
			sourceTree = "<group>";
		};
		F87EC82C2645DFC40032B914 /* OutletConnections */ = {
			isa = PBXGroup;
			children = (
				F87EC82D2645DFC40032B914 /* AppDelegate.swift */,
				F87EC82F2645DFC40032B914 /* SceneDelegate.swift */,
				F87EC8312645DFC40032B914 /* ViewController.swift */,
				F86DB665264738D200AA161B /* OutletConnectionsViewController.swift */,
				F86DB666264738D200AA161B /* OutletConnectionsViewController.xib */,
				F87EC8332645DFC40032B914 /* Main.storyboard */,
				F87EC8362645DFC70032B914 /* Assets.xcassets */,
				F87EC8382645DFC70032B914 /* LaunchScreen.storyboard */,
				F87EC83B2645DFC70032B914 /* Info.plist */,
			);
			path = OutletConnections;
			sourceTree = "<group>";
		};
		F87EC8432645DFC70032B914 /* OutletConnectionsTests */ = {
			isa = PBXGroup;
			children = (
				F87EC8462645DFC70032B914 /* Info.plist */,
				F86DB6692647396600AA161B /* OutletConnectionsViewControllerTests.swift */,
			);
			path = OutletConnectionsTests;
			sourceTree = "<group>";
		};
/* End PBXGroup section */

/* Begin PBXNativeTarget section */
		F87EC8292645DFC40032B914 /* OutletConnections */ = {
			isa = PBXNativeTarget;
			buildConfigurationList = F87EC8542645DFC70032B914 /* Build configuration list for PBXNativeTarget "OutletConnections" */;
			buildPhases = (
				F87EC8262645DFC40032B914 /* Sources */,
				F87EC8272645DFC40032B914 /* Frameworks */,
				F87EC8282645DFC40032B914 /* Resources */,
			);
			buildRules = (
			);
			dependencies = (
			);
			name = OutletConnections;
			productName = OutletConnections;
			productReference = F87EC82A2645DFC40032B914 /* OutletConnections.app */;
			productType = "com.apple.product-type.application";
		};
		F87EC83F2645DFC70032B914 /* OutletConnectionsTests */ = {
			isa = PBXNativeTarget;
			buildConfigurationList = F87EC8572645DFC70032B914 /* Build configuration list for PBXNativeTarget "OutletConnectionsTests" */;
			buildPhases = (
				F87EC83C2645DFC70032B914 /* Sources */,
				F87EC83D2645DFC70032B914 /* Frameworks */,
				F87EC83E2645DFC70032B914 /* Resources */,
			);
			buildRules = (
			);
			dependencies = (
				F87EC8422645DFC70032B914 /* PBXTargetDependency */,
			);
			name = OutletConnectionsTests;
			productName = OutletConnectionsTests;
			productReference = F87EC8402645DFC70032B914 /* OutletConnectionsTests.xctest */;
			productType = "com.apple.product-type.bundle.unit-test";
		};
/* End PBXNativeTarget section */

/* Begin PBXProject section */
		F87EC8222645DFC40032B914 /* Project object */ = {
			isa = PBXProject;
			attributes = {
				LastSwiftUpdateCheck = 1250;
				LastUpgradeCheck = 1250;
				TargetAttributes = {
					F87EC8292645DFC40032B914 = {
						CreatedOnToolsVersion = 12.5;
					};
					F87EC83F2645DFC70032B914 = {
						CreatedOnToolsVersion = 12.5;
						LastSwiftMigration = 1250;
						TestTargetID = F87EC8292645DFC40032B914;
					};
				};
			};
			buildConfigurationList = F87EC8252645DFC40032B914 /* Build configuration list for PBXProject "OutletConnections" */;
			compatibilityVersion = "Xcode 9.3";
			developmentRegion = en;
			hasScannedForEncodings = 0;
			knownRegions = (
				en,
				Base,
			);
			mainGroup = F87EC8212645DFC40032B914;
			productRefGroup = F87EC82B2645DFC40032B914 /* Products */;
			projectDirPath = "";
			projectRoot = "";
			targets = (
				F87EC8292645DFC40032B914 /* OutletConnections */,
				F87EC83F2645DFC70032B914 /* OutletConnectionsTests */,
			);
		};
/* End PBXProject section */

/* Begin PBXResourcesBuildPhase section */
		F87EC8282645DFC40032B914 /* Resources */ = {
			isa = PBXResourcesBuildPhase;
			buildActionMask = 2147483647;
			files = (
				F87EC83A2645DFC70032B914 /* LaunchScreen.storyboard in Resources */,
				F87EC8372645DFC70032B914 /* Assets.xcassets in Resources */,
				F87EC8352645DFC40032B914 /* Main.storyboard in Resources */,
				F86DB668264738D200AA161B /* OutletConnectionsViewController.xib in Resources */,
			);
			runOnlyForDeploymentPostprocessing = 0;
		};
		F87EC83E2645DFC70032B914 /* Resources */ = {
			isa = PBXResourcesBuildPhase;
			buildActionMask = 2147483647;
			files = (
			);
			runOnlyForDeploymentPostprocessing = 0;
		};
/* End PBXResourcesBuildPhase section */

/* Begin PBXSourcesBuildPhase section */
		F87EC8262645DFC40032B914 /* Sources */ = {
			isa = PBXSourcesBuildPhase;
			buildActionMask = 2147483647;
			files = (
				F87EC8322645DFC40032B914 /* ViewController.swift in Sources */,
				F87EC82E2645DFC40032B914 /* AppDelegate.swift in Sources */,
				F87EC8302645DFC40032B914 /* SceneDelegate.swift in Sources */,
				F86DB667264738D200AA161B /* OutletConnectionsViewController.swift in Sources */,
			);
			runOnlyForDeploymentPostprocessing = 0;
		};
		F87EC83C2645DFC70032B914 /* Sources */ = {
			isa = PBXSourcesBuildPhase;
			buildActionMask = 2147483647;
			files = (
				F86DB66A2647396600AA161B /* OutletConnectionsViewControllerTests.swift in Sources */,
			);
			runOnlyForDeploymentPostprocessing = 0;
		};
/* End PBXSourcesBuildPhase section */

/* Begin PBXTargetDependency section */
		F87EC8422645DFC70032B914 /* PBXTargetDependency */ = {
			isa = PBXTargetDependency;
			target = F87EC8292645DFC40032B914 /* OutletConnections */;
			targetProxy = F87EC8412645DFC70032B914 /* PBXContainerItemProxy */;
		};
/* End PBXTargetDependency section */

/* Begin PBXVariantGroup section */
		F87EC8332645DFC40032B914 /* Main.storyboard */ = {
			isa = PBXVariantGroup;
			children = (
				F87EC8342645DFC40032B914 /* Base */,
			);
			name = Main.storyboard;
			sourceTree = "<group>";
		};
		F87EC8382645DFC70032B914 /* LaunchScreen.storyboard */ = {
			isa = PBXVariantGroup;
			children = (
				F87EC8392645DFC70032B914 /* Base */,
			);
			name = LaunchScreen.storyboard;
			sourceTree = "<group>";
		};
/* End PBXVariantGroup section */

/* Begin XCBuildConfiguration section */
		F87EC8522645DFC70032B914 /* Debug */ = {
			isa = XCBuildConfiguration;
			buildSettings = {
				ALWAYS_SEARCH_USER_PATHS = NO;
				CLANG_ANALYZER_NONNULL = YES;
				CLANG_ANALYZER_NUMBER_OBJECT_CONVERSION = YES_AGGRESSIVE;
				CLANG_CXX_LANGUAGE_STANDARD = "gnu++14";
				CLANG_CXX_LIBRARY = "libc++";
				CLANG_ENABLE_MODULES = YES;
				CLANG_ENABLE_OBJC_ARC = YES;
				CLANG_ENABLE_OBJC_WEAK = YES;
				CLANG_WARN_BLOCK_CAPTURE_AUTORELEASING = YES;
				CLANG_WARN_BOOL_CONVERSION = YES;
				CLANG_WARN_COMMA = YES;
				CLANG_WARN_CONSTANT_CONVERSION = YES;
				CLANG_WARN_DEPRECATED_OBJC_IMPLEMENTATIONS = YES;
				CLANG_WARN_DIRECT_OBJC_ISA_USAGE = YES_ERROR;
				CLANG_WARN_DOCUMENTATION_COMMENTS = YES;
				CLANG_WARN_EMPTY_BODY = YES;
				CLANG_WARN_ENUM_CONVERSION = YES;
				CLANG_WARN_INFINITE_RECURSION = YES;
				CLANG_WARN_INT_CONVERSION = YES;
				CLANG_WARN_NON_LITERAL_NULL_CONVERSION = YES;
				CLANG_WARN_OBJC_IMPLICIT_RETAIN_SELF = YES;
				CLANG_WARN_OBJC_LITERAL_CONVERSION = YES;
				CLANG_WARN_OBJC_ROOT_CLASS = YES_ERROR;
				CLANG_WARN_QUOTED_INCLUDE_IN_FRAMEWORK_HEADER = YES;
				CLANG_WARN_RANGE_LOOP_ANALYSIS = YES;
				CLANG_WARN_STRICT_PROTOTYPES = YES;
				CLANG_WARN_SUSPICIOUS_MOVE = YES;
				CLANG_WARN_UNGUARDED_AVAILABILITY = YES_AGGRESSIVE;
				CLANG_WARN_UNREACHABLE_CODE = YES;
				CLANG_WARN__DUPLICATE_METHOD_MATCH = YES;
				COPY_PHASE_STRIP = NO;
				DEBUG_INFORMATION_FORMAT = dwarf;
				ENABLE_STRICT_OBJC_MSGSEND = YES;
				ENABLE_TESTABILITY = YES;
				GCC_C_LANGUAGE_STANDARD = gnu11;
				GCC_DYNAMIC_NO_PIC = NO;
				GCC_NO_COMMON_BLOCKS = YES;
				GCC_OPTIMIZATION_LEVEL = 0;
				GCC_PREPROCESSOR_DEFINITIONS = (
					"DEBUG=1",
					"$(inherited)",
				);
				GCC_WARN_64_TO_32_BIT_CONVERSION = YES;
				GCC_WARN_ABOUT_RETURN_TYPE = YES_ERROR;
				GCC_WARN_UNDECLARED_SELECTOR = YES;
				GCC_WARN_UNINITIALIZED_AUTOS = YES_AGGRESSIVE;
				GCC_WARN_UNUSED_FUNCTION = YES;
				GCC_WARN_UNUSED_VARIABLE = YES;
				IPHONEOS_DEPLOYMENT_TARGET = 14.5;
				MTL_ENABLE_DEBUG_INFO = INCLUDE_SOURCE;
				MTL_FAST_MATH = YES;
				ONLY_ACTIVE_ARCH = YES;
				SDKROOT = iphoneos;
				SWIFT_ACTIVE_COMPILATION_CONDITIONS = DEBUG;
				SWIFT_OPTIMIZATION_LEVEL = "-Onone";
			};
			name = Debug;
		};
		F87EC8532645DFC70032B914 /* Release */ = {
			isa = XCBuildConfiguration;
			buildSettings = {
				ALWAYS_SEARCH_USER_PATHS = NO;
				CLANG_ANALYZER_NONNULL = YES;
				CLANG_ANALYZER_NUMBER_OBJECT_CONVERSION = YES_AGGRESSIVE;
				CLANG_CXX_LANGUAGE_STANDARD = "gnu++14";
				CLANG_CXX_LIBRARY = "libc++";
				CLANG_ENABLE_MODULES = YES;
				CLANG_ENABLE_OBJC_ARC = YES;
				CLANG_ENABLE_OBJC_WEAK = YES;
				CLANG_WARN_BLOCK_CAPTURE_AUTORELEASING = YES;
				CLANG_WARN_BOOL_CONVERSION = YES;
				CLANG_WARN_COMMA = YES;
				CLANG_WARN_CONSTANT_CONVERSION = YES;
				CLANG_WARN_DEPRECATED_OBJC_IMPLEMENTATIONS = YES;
				CLANG_WARN_DIRECT_OBJC_ISA_USAGE = YES_ERROR;
				CLANG_WARN_DOCUMENTATION_COMMENTS = YES;
				CLANG_WARN_EMPTY_BODY = YES;
				CLANG_WARN_ENUM_CONVERSION = YES;
				CLANG_WARN_INFINITE_RECURSION = YES;
				CLANG_WARN_INT_CONVERSION = YES;
				CLANG_WARN_NON_LITERAL_NULL_CONVERSION = YES;
				CLANG_WARN_OBJC_IMPLICIT_RETAIN_SELF = YES;
				CLANG_WARN_OBJC_LITERAL_CONVERSION = YES;
				CLANG_WARN_OBJC_ROOT_CLASS = YES_ERROR;
				CLANG_WARN_QUOTED_INCLUDE_IN_FRAMEWORK_HEADER = YES;
				CLANG_WARN_RANGE_LOOP_ANALYSIS = YES;
				CLANG_WARN_STRICT_PROTOTYPES = YES;
				CLANG_WARN_SUSPICIOUS_MOVE = YES;
				CLANG_WARN_UNGUARDED_AVAILABILITY = YES_AGGRESSIVE;
				CLANG_WARN_UNREACHABLE_CODE = YES;
				CLANG_WARN__DUPLICATE_METHOD_MATCH = YES;
				COPY_PHASE_STRIP = NO;
				DEBUG_INFORMATION_FORMAT = "dwarf-with-dsym";
				ENABLE_NS_ASSERTIONS = NO;
				ENABLE_STRICT_OBJC_MSGSEND = YES;
				GCC_C_LANGUAGE_STANDARD = gnu11;
				GCC_NO_COMMON_BLOCKS = YES;
				GCC_WARN_64_TO_32_BIT_CONVERSION = YES;
				GCC_WARN_ABOUT_RETURN_TYPE = YES_ERROR;
				GCC_WARN_UNDECLARED_SELECTOR = YES;
				GCC_WARN_UNINITIALIZED_AUTOS = YES_AGGRESSIVE;
				GCC_WARN_UNUSED_FUNCTION = YES;
				GCC_WARN_UNUSED_VARIABLE = YES;
				IPHONEOS_DEPLOYMENT_TARGET = 14.5;
				MTL_ENABLE_DEBUG_INFO = NO;
				MTL_FAST_MATH = YES;
				SDKROOT = iphoneos;
				SWIFT_COMPILATION_MODE = wholemodule;
				SWIFT_OPTIMIZATION_LEVEL = "-O";
				VALIDATE_PRODUCT = YES;
			};
			name = Release;
		};
		F87EC8552645DFC70032B914 /* Debug */ = {
			isa = XCBuildConfiguration;
			buildSettings = {
				ASSETCATALOG_COMPILER_APPICON_NAME = AppIcon;
				ASSETCATALOG_COMPILER_GLOBAL_ACCENT_COLOR_NAME = AccentColor;
				CODE_SIGN_STYLE = Automatic;
				DEVELOPMENT_TEAM = H5BFNRJ7J5;
				INFOPLIST_FILE = OutletConnections/Info.plist;
				LD_RUNPATH_SEARCH_PATHS = (
					"$(inherited)",
					"@executable_path/Frameworks",
				);
				PRODUCT_BUNDLE_IDENTIFIER = com.mycompany.OutletConnections;
				PRODUCT_NAME = "$(TARGET_NAME)";
				SWIFT_VERSION = 5.0;
				TARGETED_DEVICE_FAMILY = "1,2";
			};
			name = Debug;
		};
		F87EC8562645DFC70032B914 /* Release */ = {
			isa = XCBuildConfiguration;
			buildSettings = {
				ASSETCATALOG_COMPILER_APPICON_NAME = AppIcon;
				ASSETCATALOG_COMPILER_GLOBAL_ACCENT_COLOR_NAME = AccentColor;
				CODE_SIGN_STYLE = Automatic;
				DEVELOPMENT_TEAM = H5BFNRJ7J5;
				INFOPLIST_FILE = OutletConnections/Info.plist;
				LD_RUNPATH_SEARCH_PATHS = (
					"$(inherited)",
					"@executable_path/Frameworks",
				);
				PRODUCT_BUNDLE_IDENTIFIER = com.mycompany.OutletConnections;
				PRODUCT_NAME = "$(TARGET_NAME)";
				SWIFT_VERSION = 5.0;
				TARGETED_DEVICE_FAMILY = "1,2";
			};
			name = Release;
		};
		F87EC8582645DFC70032B914 /* Debug */ = {
			isa = XCBuildConfiguration;
			buildSettings = {
				ALWAYS_EMBED_SWIFT_STANDARD_LIBRARIES = YES;
				BUNDLE_LOADER = "$(TEST_HOST)";
				CLANG_ENABLE_MODULES = YES;
				CODE_SIGN_STYLE = Automatic;
				DEVELOPMENT_TEAM = H5BFNRJ7J5;
				INFOPLIST_FILE = OutletConnectionsTests/Info.plist;
				IPHONEOS_DEPLOYMENT_TARGET = 14.5;
				LD_RUNPATH_SEARCH_PATHS = (
					"$(inherited)",
					"@executable_path/Frameworks",
					"@loader_path/Frameworks",
				);
				PRODUCT_BUNDLE_IDENTIFIER = com.mycompany.OutletConnectionsTests;
				PRODUCT_NAME = "$(TARGET_NAME)";
				SWIFT_OPTIMIZATION_LEVEL = "-Onone";
				SWIFT_VERSION = 5.0;
				TARGETED_DEVICE_FAMILY = "1,2";
				TEST_HOST = "$(BUILT_PRODUCTS_DIR)/OutletConnections.app/OutletConnections";
			};
			name = Debug;
		};
		F87EC8592645DFC70032B914 /* Release */ = {
			isa = XCBuildConfiguration;
			buildSettings = {
				ALWAYS_EMBED_SWIFT_STANDARD_LIBRARIES = YES;
				BUNDLE_LOADER = "$(TEST_HOST)";
				CLANG_ENABLE_MODULES = YES;
				CODE_SIGN_STYLE = Automatic;
				DEVELOPMENT_TEAM = H5BFNRJ7J5;
				INFOPLIST_FILE = OutletConnectionsTests/Info.plist;
				IPHONEOS_DEPLOYMENT_TARGET = 14.5;
				LD_RUNPATH_SEARCH_PATHS = (
					"$(inherited)",
					"@executable_path/Frameworks",
					"@loader_path/Frameworks",
				);
				PRODUCT_BUNDLE_IDENTIFIER = com.mycompany.OutletConnectionsTests;
				PRODUCT_NAME = "$(TARGET_NAME)";
				SWIFT_VERSION = 5.0;
				TARGETED_DEVICE_FAMILY = "1,2";
				TEST_HOST = "$(BUILT_PRODUCTS_DIR)/OutletConnections.app/OutletConnections";
			};
			name = Release;
		};
/* End XCBuildConfiguration section */

/* Begin XCConfigurationList section */
		F87EC8252645DFC40032B914 /* Build configuration list for PBXProject "OutletConnections" */ = {
			isa = XCConfigurationList;
			buildConfigurations = (
				F87EC8522645DFC70032B914 /* Debug */,
				F87EC8532645DFC70032B914 /* Release */,
			);
			defaultConfigurationIsVisible = 0;
			defaultConfigurationName = Release;
		};
		F87EC8542645DFC70032B914 /* Build configuration list for PBXNativeTarget "OutletConnections" */ = {
			isa = XCConfigurationList;
			buildConfigurations = (
				F87EC8552645DFC70032B914 /* Debug */,
				F87EC8562645DFC70032B914 /* Release */,
			);
			defaultConfigurationIsVisible = 0;
			defaultConfigurationName = Release;
		};
		F87EC8572645DFC70032B914 /* Build configuration list for PBXNativeTarget "OutletConnectionsTests" */ = {
			isa = XCConfigurationList;
			buildConfigurations = (
				F87EC8582645DFC70032B914 /* Debug */,
				F87EC8592645DFC70032B914 /* Release */,
			);
			defaultConfigurationIsVisible = 0;
			defaultConfigurationName = Release;
		};
/* End XCConfigurationList section */
	};
	rootObject = F87EC8222645DFC40032B914 /* Project object */;
}
