// !$*UTF8*$!
{
	archiveVersion = 1;
	classes = {
	};
	objectVersion = 52;
	objects = {

/* Begin PBXBuildFile section */
		F83D4642264FA9940070C595 /* AppDelegate.swift in Sources */ = {isa = PBXBuildFile; fileRef = F83D4641264FA9940070C595 /* AppDelegate.swift */; };
		F83D4644264FA9940070C595 /* SceneDelegate.swift in Sources */ = {isa = PBXBuildFile; fileRef = F83D4643264FA9940070C595 /* SceneDelegate.swift */; };
		F83D4646264FA9940070C595 /* ViewController.swift in Sources */ = {isa = PBXBuildFile; fileRef = F83D4645264FA9940070C595 /* ViewController.swift */; };
		F83D4649264FA9940070C595 /* Main.storyboard in Resources */ = {isa = PBXBuildFile; fileRef = F83D4647264FA9940070C595 /* Main.storyboard */; };
		F83D464B264FA9980070C595 /* Assets.xcassets in Resources */ = {isa = PBXBuildFile; fileRef = F83D464A264FA9980070C595 /* Assets.xcassets */; };
		F83D464E264FA9980070C595 /* LaunchScreen.storyboard in Resources */ = {isa = PBXBuildFile; fileRef = F83D464C264FA9980070C595 /* LaunchScreen.storyboard */; };
		F83D4672264FAC340070C595 /* PasswordChanger.swift in Sources */ = {isa = PBXBuildFile; fileRef = F83D4671264FAC340070C595 /* PasswordChanger.swift */; };
		F83D4674264FB05E0070C595 /* ChangePasswordViewController.swift in Sources */ = {isa = PBXBuildFile; fileRef = F83D4673264FB05E0070C595 /* ChangePasswordViewController.swift */; };
		F83D467A265072AB0070C595 /* ChangePasswordViewControllerTests.swift in Sources */ = {isa = PBXBuildFile; fileRef = F83D4679265072AB0070C595 /* ChangePasswordViewControllerTests.swift */; };
		F83D467C265072C00070C595 /* TestHelpers.swift in Sources */ = {isa = PBXBuildFile; fileRef = F83D4675264FF1830070C595 /* TestHelpers.swift */; };
		F83D467D265072D60070C595 /* MockPasswordChanger.swift in Sources */ = {isa = PBXBuildFile; fileRef = F83D467726505C9B0070C595 /* MockPasswordChanger.swift */; };
		F851FC0126529113009AF6D9 /* ChangePasswordViewControllerSnapshotTests.swift in Sources */ = {isa = PBXBuildFile; fileRef = F851FC0026529113009AF6D9 /* ChangePasswordViewControllerSnapshotTests.swift */; };
		F869262728114EB30014396B /* ViewControllerPresentationSpy.xcframework in Frameworks */ = {isa = PBXBuildFile; fileRef = F869262628114EB30014396B /* ViewControllerPresentationSpy.xcframework */; };
		F8BE531E2653E09600570885 /* ChangePasswordViewModel.swift in Sources */ = {isa = PBXBuildFile; fileRef = F8BE531D2653E09600570885 /* ChangePasswordViewModel.swift */; };
		F8C7F5672811561900DA8DBD /* iOSSnapshotTestCase in Frameworks */ = {isa = PBXBuildFile; productRef = F8C7F5662811561900DA8DBD /* iOSSnapshotTestCase */; };
		F8C7F56A281156A100DA8DBD /* iOSSnapshotTestCase in Frameworks */ = {isa = PBXBuildFile; productRef = F8C7F569281156A100DA8DBD /* iOSSnapshotTestCase */; };
		F8C7F56C281156A100DA8DBD /* iOSSnapshotTestCase in Embed Frameworks */ = {isa = PBXBuildFile; productRef = F8C7F569281156A100DA8DBD /* iOSSnapshotTestCase */; settings = {ATTRIBUTES = (CodeSignOnCopy, ); }; };
/* End PBXBuildFile section */

/* Begin PBXContainerItemProxy section */
		F83D4655264FA9990070C595 /* PBXContainerItemProxy */ = {
			isa = PBXContainerItemProxy;
			containerPortal = F83D4636264FA9940070C595 /* Project object */;
			proxyType = 1;
			remoteGlobalIDString = F83D463D264FA9940070C595;
			remoteInfo = Refactoring;
		};
/* End PBXContainerItemProxy section */

/* Begin PBXCopyFilesBuildPhase section */
		F8C7F56B281156A100DA8DBD /* Embed Frameworks */ = {
			isa = PBXCopyFilesBuildPhase;
			buildActionMask = 2147483647;
			dstPath = "";
			dstSubfolderSpec = 10;
			files = (
				F8C7F56C281156A100DA8DBD /* iOSSnapshotTestCase in Embed Frameworks */,
			);
			name = "Embed Frameworks";
			runOnlyForDeploymentPostprocessing = 0;
		};
/* End PBXCopyFilesBuildPhase section */

/* Begin PBXFileReference section */
		F83D463E264FA9940070C595 /* Refactoring.app */ = {isa = PBXFileReference; explicitFileType = wrapper.application; includeInIndex = 0; path = Refactoring.app; sourceTree = BUILT_PRODUCTS_DIR; };
		F83D4641264FA9940070C595 /* AppDelegate.swift */ = {isa = PBXFileReference; lastKnownFileType = sourcecode.swift; path = AppDelegate.swift; sourceTree = "<group>"; };
		F83D4643264FA9940070C595 /* SceneDelegate.swift */ = {isa = PBXFileReference; lastKnownFileType = sourcecode.swift; path = SceneDelegate.swift; sourceTree = "<group>"; };
		F83D4645264FA9940070C595 /* ViewController.swift */ = {isa = PBXFileReference; lastKnownFileType = sourcecode.swift; path = ViewController.swift; sourceTree = "<group>"; };
		F83D4648264FA9940070C595 /* Base */ = {isa = PBXFileReference; lastKnownFileType = file.storyboard; name = Base; path = Base.lproj/Main.storyboard; sourceTree = "<group>"; };
		F83D464A264FA9980070C595 /* Assets.xcassets */ = {isa = PBXFileReference; lastKnownFileType = folder.assetcatalog; path = Assets.xcassets; sourceTree = "<group>"; };
		F83D464D264FA9980070C595 /* Base */ = {isa = PBXFileReference; lastKnownFileType = file.storyboard; name = Base; path = Base.lproj/LaunchScreen.storyboard; sourceTree = "<group>"; };
		F83D464F264FA9980070C595 /* Info.plist */ = {isa = PBXFileReference; lastKnownFileType = text.plist.xml; path = Info.plist; sourceTree = "<group>"; };
		F83D4654264FA9990070C595 /* RefactoringTests.xctest */ = {isa = PBXFileReference; explicitFileType = wrapper.cfbundle; includeInIndex = 0; path = RefactoringTests.xctest; sourceTree = BUILT_PRODUCTS_DIR; };
		F83D465A264FA9990070C595 /* Info.plist */ = {isa = PBXFileReference; lastKnownFileType = text.plist.xml; path = Info.plist; sourceTree = "<group>"; };
		F83D4671264FAC340070C595 /* PasswordChanger.swift */ = {isa = PBXFileReference; lastKnownFileType = sourcecode.swift; path = PasswordChanger.swift; sourceTree = "<group>"; };
		F83D4673264FB05E0070C595 /* ChangePasswordViewController.swift */ = {isa = PBXFileReference; lastKnownFileType = sourcecode.swift; path = ChangePasswordViewController.swift; sourceTree = "<group>"; };
		F83D4675264FF1830070C595 /* TestHelpers.swift */ = {isa = PBXFileReference; lastKnownFileType = sourcecode.swift; path = TestHelpers.swift; sourceTree = "<group>"; };
		F83D467726505C9B0070C595 /* MockPasswordChanger.swift */ = {isa = PBXFileReference; lastKnownFileType = sourcecode.swift; path = MockPasswordChanger.swift; sourceTree = "<group>"; };
		F83D4679265072AB0070C595 /* ChangePasswordViewControllerTests.swift */ = {isa = PBXFileReference; lastKnownFileType = sourcecode.swift; path = ChangePasswordViewControllerTests.swift; sourceTree = "<group>"; };
		F851FC0026529113009AF6D9 /* ChangePasswordViewControllerSnapshotTests.swift */ = {isa = PBXFileReference; lastKnownFileType = sourcecode.swift; path = ChangePasswordViewControllerSnapshotTests.swift; sourceTree = "<group>"; };
		F869262628114EB30014396B /* ViewControllerPresentationSpy.xcframework */ = {isa = PBXFileReference; lastKnownFileType = wrapper.xcframework; path = ViewControllerPresentationSpy.xcframework; sourceTree = "<group>"; };
		F8BE531D2653E09600570885 /* ChangePasswordViewModel.swift */ = {isa = PBXFileReference; lastKnownFileType = sourcecode.swift; path = ChangePasswordViewModel.swift; sourceTree = "<group>"; };
/* End PBXFileReference section */

/* Begin PBXFrameworksBuildPhase section */
		F83D463B264FA9940070C595 /* Frameworks */ = {
			isa = PBXFrameworksBuildPhase;
			buildActionMask = 2147483647;
			files = (
				F8C7F5672811561900DA8DBD /* iOSSnapshotTestCase in Frameworks */,
			);
			runOnlyForDeploymentPostprocessing = 0;
		};
		F83D4651264FA9990070C595 /* Frameworks */ = {
			isa = PBXFrameworksBuildPhase;
			buildActionMask = 2147483647;
			files = (
				F8C7F56A281156A100DA8DBD /* iOSSnapshotTestCase in Frameworks */,
				F869262728114EB30014396B /* ViewControllerPresentationSpy.xcframework in Frameworks */,
			);
			runOnlyForDeploymentPostprocessing = 0;
		};
/* End PBXFrameworksBuildPhase section */

/* Begin PBXGroup section */
		F83D4635264FA9940070C595 = {
			isa = PBXGroup;
			children = (
				F83D4640264FA9940070C595 /* Refactoring */,
				F83D4657264FA9990070C595 /* RefactoringTests */,
				F83D463F264FA9940070C595 /* Products */,
				F8C7F568281156A100DA8DBD /* Frameworks */,
			);
			sourceTree = "<group>";
		};
		F83D463F264FA9940070C595 /* Products */ = {
			isa = PBXGroup;
			children = (
				F83D463E264FA9940070C595 /* Refactoring.app */,
				F83D4654264FA9990070C595 /* RefactoringTests.xctest */,
			);
			name = Products;
			sourceTree = "<group>";
		};
		F83D4640264FA9940070C595 /* Refactoring */ = {
			isa = PBXGroup;
			children = (
				F83D4641264FA9940070C595 /* AppDelegate.swift */,
				F83D4643264FA9940070C595 /* SceneDelegate.swift */,
				F83D4645264FA9940070C595 /* ViewController.swift */,
				F83D4647264FA9940070C595 /* Main.storyboard */,
				F83D464A264FA9980070C595 /* Assets.xcassets */,
				F83D464C264FA9980070C595 /* LaunchScreen.storyboard */,
				F83D464F264FA9980070C595 /* Info.plist */,
				F83D4671264FAC340070C595 /* PasswordChanger.swift */,
				F83D4673264FB05E0070C595 /* ChangePasswordViewController.swift */,
				F8BE531D2653E09600570885 /* ChangePasswordViewModel.swift */,
			);
			path = Refactoring;
			sourceTree = "<group>";
		};
		F83D4657264FA9990070C595 /* RefactoringTests */ = {
			isa = PBXGroup;
			children = (
				F869262628114EB30014396B /* ViewControllerPresentationSpy.xcframework */,
				F83D4679265072AB0070C595 /* ChangePasswordViewControllerTests.swift */,
				F851FC0026529113009AF6D9 /* ChangePasswordViewControllerSnapshotTests.swift */,
				F83D467726505C9B0070C595 /* MockPasswordChanger.swift */,
				F83D4675264FF1830070C595 /* TestHelpers.swift */,
				F83D465A264FA9990070C595 /* Info.plist */,
			);
			path = RefactoringTests;
			sourceTree = "<group>";
		};
		F8C7F568281156A100DA8DBD /* Frameworks */ = {
			isa = PBXGroup;
			children = (
			);
			name = Frameworks;
			sourceTree = "<group>";
		};
/* End PBXGroup section */

/* Begin PBXNativeTarget section */
		F83D463D264FA9940070C595 /* Refactoring */ = {
			isa = PBXNativeTarget;
			buildConfigurationList = F83D4668264FA9990070C595 /* Build configuration list for PBXNativeTarget "Refactoring" */;
			buildPhases = (
				F83D463A264FA9940070C595 /* Sources */,
				F83D463B264FA9940070C595 /* Frameworks */,
				F83D463C264FA9940070C595 /* Resources */,
			);
			buildRules = (
			);
			dependencies = (
			);
			name = Refactoring;
			packageProductDependencies = (
				F8C7F5662811561900DA8DBD /* iOSSnapshotTestCase */,
			);
			productName = Refactoring;
			productReference = F83D463E264FA9940070C595 /* Refactoring.app */;
			productType = "com.apple.product-type.application";
		};
		F83D4653264FA9990070C595 /* RefactoringTests */ = {
			isa = PBXNativeTarget;
			buildConfigurationList = F83D466B264FA9990070C595 /* Build configuration list for PBXNativeTarget "RefactoringTests" */;
			buildPhases = (
				F83D4650264FA9990070C595 /* Sources */,
				F83D4651264FA9990070C595 /* Frameworks */,
				F83D4652264FA9990070C595 /* Resources */,
				F8C7F56B281156A100DA8DBD /* Embed Frameworks */,
			);
			buildRules = (
			);
			dependencies = (
				F83D4656264FA9990070C595 /* PBXTargetDependency */,
			);
			name = RefactoringTests;
			packageProductDependencies = (
				F8C7F569281156A100DA8DBD /* iOSSnapshotTestCase */,
			);
			productName = RefactoringTests;
			productReference = F83D4654264FA9990070C595 /* RefactoringTests.xctest */;
			productType = "com.apple.product-type.bundle.unit-test";
		};
/* End PBXNativeTarget section */

/* Begin PBXProject section */
		F83D4636264FA9940070C595 /* Project object */ = {
			isa = PBXProject;
			attributes = {
				LastSwiftUpdateCheck = 1250;
				LastUpgradeCheck = 1250;
				TargetAttributes = {
					F83D463D264FA9940070C595 = {
						CreatedOnToolsVersion = 12.5;
					};
					F83D4653264FA9990070C595 = {
						CreatedOnToolsVersion = 12.5;
						TestTargetID = F83D463D264FA9940070C595;
					};
				};
			};
			buildConfigurationList = F83D4639264FA9940070C595 /* Build configuration list for PBXProject "Refactoring" */;
			compatibilityVersion = "Xcode 9.3";
			developmentRegion = en;
			hasScannedForEncodings = 0;
			knownRegions = (
				en,
				Base,
			);
			mainGroup = F83D4635264FA9940070C595;
			packageReferences = (
				F8C7F5652811561900DA8DBD /* XCRemoteSwiftPackageReference "ios-snapshot-test-case" */,
			);
			productRefGroup = F83D463F264FA9940070C595 /* Products */;
			projectDirPath = "";
			projectRoot = "";
			targets = (
				F83D463D264FA9940070C595 /* Refactoring */,
				F83D4653264FA9990070C595 /* RefactoringTests */,
			);
		};
/* End PBXProject section */

/* Begin PBXResourcesBuildPhase section */
		F83D463C264FA9940070C595 /* Resources */ = {
			isa = PBXResourcesBuildPhase;
			buildActionMask = 2147483647;
			files = (
				F83D464E264FA9980070C595 /* LaunchScreen.storyboard in Resources */,
				F83D464B264FA9980070C595 /* Assets.xcassets in Resources */,
				F83D4649264FA9940070C595 /* Main.storyboard in Resources */,
			);
			runOnlyForDeploymentPostprocessing = 0;
		};
		F83D4652264FA9990070C595 /* Resources */ = {
			isa = PBXResourcesBuildPhase;
			buildActionMask = 2147483647;
			files = (
			);
			runOnlyForDeploymentPostprocessing = 0;
		};
/* End PBXResourcesBuildPhase section */

/* Begin PBXSourcesBuildPhase section */
		F83D463A264FA9940070C595 /* Sources */ = {
			isa = PBXSourcesBuildPhase;
			buildActionMask = 2147483647;
			files = (
				F83D4646264FA9940070C595 /* ViewController.swift in Sources */,
				F8BE531E2653E09600570885 /* ChangePasswordViewModel.swift in Sources */,
				F83D4642264FA9940070C595 /* AppDelegate.swift in Sources */,
				F83D4644264FA9940070C595 /* SceneDelegate.swift in Sources */,
				F83D4674264FB05E0070C595 /* ChangePasswordViewController.swift in Sources */,
				F83D4672264FAC340070C595 /* PasswordChanger.swift in Sources */,
			);
			runOnlyForDeploymentPostprocessing = 0;
		};
		F83D4650264FA9990070C595 /* Sources */ = {
			isa = PBXSourcesBuildPhase;
			buildActionMask = 2147483647;
			files = (
				F83D467D265072D60070C595 /* MockPasswordChanger.swift in Sources */,
				F851FC0126529113009AF6D9 /* ChangePasswordViewControllerSnapshotTests.swift in Sources */,
				F83D467A265072AB0070C595 /* ChangePasswordViewControllerTests.swift in Sources */,
				F83D467C265072C00070C595 /* TestHelpers.swift in Sources */,
			);
			runOnlyForDeploymentPostprocessing = 0;
		};
/* End PBXSourcesBuildPhase section */

/* Begin PBXTargetDependency section */
		F83D4656264FA9990070C595 /* PBXTargetDependency */ = {
			isa = PBXTargetDependency;
			target = F83D463D264FA9940070C595 /* Refactoring */;
			targetProxy = F83D4655264FA9990070C595 /* PBXContainerItemProxy */;
		};
/* End PBXTargetDependency section */

/* Begin PBXVariantGroup section */
		F83D4647264FA9940070C595 /* Main.storyboard */ = {
			isa = PBXVariantGroup;
			children = (
				F83D4648264FA9940070C595 /* Base */,
			);
			name = Main.storyboard;
			sourceTree = "<group>";
		};
		F83D464C264FA9980070C595 /* LaunchScreen.storyboard */ = {
			isa = PBXVariantGroup;
			children = (
				F83D464D264FA9980070C595 /* Base */,
			);
			name = LaunchScreen.storyboard;
			sourceTree = "<group>";
		};
/* End PBXVariantGroup section */

/* Begin XCBuildConfiguration section */
		F83D4666264FA9990070C595 /* Debug */ = {
			isa = XCBuildConfiguration;
			buildSettings = {
				ALWAYS_SEARCH_USER_PATHS = NO;
				CLANG_ANALYZER_NONNULL = YES;
				CLANG_ANALYZER_NUMBER_OBJECT_CONVERSION = YES_AGGRESSIVE;
				CLANG_CXX_LANGUAGE_STANDARD = "gnu++14";
				CLANG_CXX_LIBRARY = "libc++";
				CLANG_ENABLE_MODULES = YES;
				CLANG_ENABLE_OBJC_ARC = YES;
				CLANG_ENABLE_OBJC_WEAK = YES;
				CLANG_WARN_BLOCK_CAPTURE_AUTORELEASING = YES;
				CLANG_WARN_BOOL_CONVERSION = YES;
				CLANG_WARN_COMMA = YES;
				CLANG_WARN_CONSTANT_CONVERSION = YES;
				CLANG_WARN_DEPRECATED_OBJC_IMPLEMENTATIONS = YES;
				CLANG_WARN_DIRECT_OBJC_ISA_USAGE = YES_ERROR;
				CLANG_WARN_DOCUMENTATION_COMMENTS = YES;
				CLANG_WARN_EMPTY_BODY = YES;
				CLANG_WARN_ENUM_CONVERSION = YES;
				CLANG_WARN_INFINITE_RECURSION = YES;
				CLANG_WARN_INT_CONVERSION = YES;
				CLANG_WARN_NON_LITERAL_NULL_CONVERSION = YES;
				CLANG_WARN_OBJC_IMPLICIT_RETAIN_SELF = YES;
				CLANG_WARN_OBJC_LITERAL_CONVERSION = YES;
				CLANG_WARN_OBJC_ROOT_CLASS = YES_ERROR;
				CLANG_WARN_QUOTED_INCLUDE_IN_FRAMEWORK_HEADER = YES;
				CLANG_WARN_RANGE_LOOP_ANALYSIS = YES;
				CLANG_WARN_STRICT_PROTOTYPES = YES;
				CLANG_WARN_SUSPICIOUS_MOVE = YES;
				CLANG_WARN_UNGUARDED_AVAILABILITY = YES_AGGRESSIVE;
				CLANG_WARN_UNREACHABLE_CODE = YES;
				CLANG_WARN__DUPLICATE_METHOD_MATCH = YES;
				COPY_PHASE_STRIP = NO;
				DEBUG_INFORMATION_FORMAT = dwarf;
				ENABLE_STRICT_OBJC_MSGSEND = YES;
				ENABLE_TESTABILITY = YES;
				GCC_C_LANGUAGE_STANDARD = gnu11;
				GCC_DYNAMIC_NO_PIC = NO;
				GCC_NO_COMMON_BLOCKS = YES;
				GCC_OPTIMIZATION_LEVEL = 0;
				GCC_PREPROCESSOR_DEFINITIONS = (
					"DEBUG=1",
					"$(inherited)",
				);
				GCC_WARN_64_TO_32_BIT_CONVERSION = YES;
				GCC_WARN_ABOUT_RETURN_TYPE = YES_ERROR;
				GCC_WARN_UNDECLARED_SELECTOR = YES;
				GCC_WARN_UNINITIALIZED_AUTOS = YES_AGGRESSIVE;
				GCC_WARN_UNUSED_FUNCTION = YES;
				GCC_WARN_UNUSED_VARIABLE = YES;
				IPHONEOS_DEPLOYMENT_TARGET = 14.5;
				MTL_ENABLE_DEBUG_INFO = INCLUDE_SOURCE;
				MTL_FAST_MATH = YES;
				ONLY_ACTIVE_ARCH = YES;
				SDKROOT = iphoneos;
				SWIFT_ACTIVE_COMPILATION_CONDITIONS = DEBUG;
				SWIFT_OPTIMIZATION_LEVEL = "-Onone";
			};
			name = Debug;
		};
		F83D4667264FA9990070C595 /* Release */ = {
			isa = XCBuildConfiguration;
			buildSettings = {
				ALWAYS_SEARCH_USER_PATHS = NO;
				CLANG_ANALYZER_NONNULL = YES;
				CLANG_ANALYZER_NUMBER_OBJECT_CONVERSION = YES_AGGRESSIVE;
				CLANG_CXX_LANGUAGE_STANDARD = "gnu++14";
				CLANG_CXX_LIBRARY = "libc++";
				CLANG_ENABLE_MODULES = YES;
				CLANG_ENABLE_OBJC_ARC = YES;
				CLANG_ENABLE_OBJC_WEAK = YES;
				CLANG_WARN_BLOCK_CAPTURE_AUTORELEASING = YES;
				CLANG_WARN_BOOL_CONVERSION = YES;
				CLANG_WARN_COMMA = YES;
				CLANG_WARN_CONSTANT_CONVERSION = YES;
				CLANG_WARN_DEPRECATED_OBJC_IMPLEMENTATIONS = YES;
				CLANG_WARN_DIRECT_OBJC_ISA_USAGE = YES_ERROR;
				CLANG_WARN_DOCUMENTATION_COMMENTS = YES;
				CLANG_WARN_EMPTY_BODY = YES;
				CLANG_WARN_ENUM_CONVERSION = YES;
				CLANG_WARN_INFINITE_RECURSION = YES;
				CLANG_WARN_INT_CONVERSION = YES;
				CLANG_WARN_NON_LITERAL_NULL_CONVERSION = YES;
				CLANG_WARN_OBJC_IMPLICIT_RETAIN_SELF = YES;
				CLANG_WARN_OBJC_LITERAL_CONVERSION = YES;
				CLANG_WARN_OBJC_ROOT_CLASS = YES_ERROR;
				CLANG_WARN_QUOTED_INCLUDE_IN_FRAMEWORK_HEADER = YES;
				CLANG_WARN_RANGE_LOOP_ANALYSIS = YES;
				CLANG_WARN_STRICT_PROTOTYPES = YES;
				CLANG_WARN_SUSPICIOUS_MOVE = YES;
				CLANG_WARN_UNGUARDED_AVAILABILITY = YES_AGGRESSIVE;
				CLANG_WARN_UNREACHABLE_CODE = YES;
				CLANG_WARN__DUPLICATE_METHOD_MATCH = YES;
				COPY_PHASE_STRIP = NO;
				DEBUG_INFORMATION_FORMAT = "dwarf-with-dsym";
				ENABLE_NS_ASSERTIONS = NO;
				ENABLE_STRICT_OBJC_MSGSEND = YES;
				GCC_C_LANGUAGE_STANDARD = gnu11;
				GCC_NO_COMMON_BLOCKS = YES;
				GCC_WARN_64_TO_32_BIT_CONVERSION = YES;
				GCC_WARN_ABOUT_RETURN_TYPE = YES_ERROR;
				GCC_WARN_UNDECLARED_SELECTOR = YES;
				GCC_WARN_UNINITIALIZED_AUTOS = YES_AGGRESSIVE;
				GCC_WARN_UNUSED_FUNCTION = YES;
				GCC_WARN_UNUSED_VARIABLE = YES;
				IPHONEOS_DEPLOYMENT_TARGET = 14.5;
				MTL_ENABLE_DEBUG_INFO = NO;
				MTL_FAST_MATH = YES;
				SDKROOT = iphoneos;
				SWIFT_COMPILATION_MODE = wholemodule;
				SWIFT_OPTIMIZATION_LEVEL = "-O";
				VALIDATE_PRODUCT = YES;
			};
			name = Release;
		};
		F83D4669264FA9990070C595 /* Debug */ = {
			isa = XCBuildConfiguration;
			buildSettings = {
				ASSETCATALOG_COMPILER_APPICON_NAME = AppIcon;
				ASSETCATALOG_COMPILER_GLOBAL_ACCENT_COLOR_NAME = AccentColor;
				CODE_SIGN_STYLE = Automatic;
				DEVELOPMENT_TEAM = H5BFNRJ7J5;
				INFOPLIST_FILE = Refactoring/Info.plist;
				LD_RUNPATH_SEARCH_PATHS = (
					"$(inherited)",
					"@executable_path/Frameworks",
				);
				PRODUCT_BUNDLE_IDENTIFIER = com.mycompany.Refactoring;
				PRODUCT_NAME = "$(TARGET_NAME)";
				SWIFT_VERSION = 5.0;
				TARGETED_DEVICE_FAMILY = "1,2";
			};
			name = Debug;
		};
		F83D466A264FA9990070C595 /* Release */ = {
			isa = XCBuildConfiguration;
			buildSettings = {
				ASSETCATALOG_COMPILER_APPICON_NAME = AppIcon;
				ASSETCATALOG_COMPILER_GLOBAL_ACCENT_COLOR_NAME = AccentColor;
				CODE_SIGN_STYLE = Automatic;
				DEVELOPMENT_TEAM = H5BFNRJ7J5;
				INFOPLIST_FILE = Refactoring/Info.plist;
				LD_RUNPATH_SEARCH_PATHS = (
					"$(inherited)",
					"@executable_path/Frameworks",
				);
				PRODUCT_BUNDLE_IDENTIFIER = com.mycompany.Refactoring;
				PRODUCT_NAME = "$(TARGET_NAME)";
				SWIFT_VERSION = 5.0;
				TARGETED_DEVICE_FAMILY = "1,2";
			};
			name = Release;
		};
		F83D466C264FA9990070C595 /* Debug */ = {
			isa = XCBuildConfiguration;
			buildSettings = {
				ALWAYS_EMBED_SWIFT_STANDARD_LIBRARIES = YES;
				BUNDLE_LOADER = "$(TEST_HOST)";
				CODE_SIGN_STYLE = Automatic;
				DEVELOPMENT_TEAM = H5BFNRJ7J5;
				INFOPLIST_FILE = RefactoringTests/Info.plist;
				IPHONEOS_DEPLOYMENT_TARGET = 14.5;
				LD_RUNPATH_SEARCH_PATHS = (
					"$(inherited)",
					"@executable_path/Frameworks",
					"@loader_path/Frameworks",
				);
				PRODUCT_BUNDLE_IDENTIFIER = com.mycompany.RefactoringTests;
				PRODUCT_NAME = "$(TARGET_NAME)";
				SWIFT_VERSION = 5.0;
				TARGETED_DEVICE_FAMILY = "1,2";
				TEST_HOST = "$(BUILT_PRODUCTS_DIR)/Refactoring.app/Refactoring";
			};
			name = Debug;
		};
		F83D466D264FA9990070C595 /* Release */ = {
			isa = XCBuildConfiguration;
			buildSettings = {
				ALWAYS_EMBED_SWIFT_STANDARD_LIBRARIES = YES;
				BUNDLE_LOADER = "$(TEST_HOST)";
				CODE_SIGN_STYLE = Automatic;
				DEVELOPMENT_TEAM = H5BFNRJ7J5;
				INFOPLIST_FILE = RefactoringTests/Info.plist;
				IPHONEOS_DEPLOYMENT_TARGET = 14.5;
				LD_RUNPATH_SEARCH_PATHS = (
					"$(inherited)",
					"@executable_path/Frameworks",
					"@loader_path/Frameworks",
				);
				PRODUCT_BUNDLE_IDENTIFIER = com.mycompany.RefactoringTests;
				PRODUCT_NAME = "$(TARGET_NAME)";
				SWIFT_VERSION = 5.0;
				TARGETED_DEVICE_FAMILY = "1,2";
				TEST_HOST = "$(BUILT_PRODUCTS_DIR)/Refactoring.app/Refactoring";
			};
			name = Release;
		};
/* End XCBuildConfiguration section */

/* Begin XCConfigurationList section */
		F83D4639264FA9940070C595 /* Build configuration list for PBXProject "Refactoring" */ = {
			isa = XCConfigurationList;
			buildConfigurations = (
				F83D4666264FA9990070C595 /* Debug */,
				F83D4667264FA9990070C595 /* Release */,
			);
			defaultConfigurationIsVisible = 0;
			defaultConfigurationName = Release;
		};
		F83D4668264FA9990070C595 /* Build configuration list for PBXNativeTarget "Refactoring" */ = {
			isa = XCConfigurationList;
			buildConfigurations = (
				F83D4669264FA9990070C595 /* Debug */,
				F83D466A264FA9990070C595 /* Release */,
			);
			defaultConfigurationIsVisible = 0;
			defaultConfigurationName = Release;
		};
		F83D466B264FA9990070C595 /* Build configuration list for PBXNativeTarget "RefactoringTests" */ = {
			isa = XCConfigurationList;
			buildConfigurations = (
				F83D466C264FA9990070C595 /* Debug */,
				F83D466D264FA9990070C595 /* Release */,
			);
			defaultConfigurationIsVisible = 0;
			defaultConfigurationName = Release;
		};
/* End XCConfigurationList section */

/* Begin XCRemoteSwiftPackageReference section */
		F8C7F5652811561900DA8DBD /* XCRemoteSwiftPackageReference "ios-snapshot-test-case" */ = {
			isa = XCRemoteSwiftPackageReference;
			repositoryURL = "https://github.com/uber/ios-snapshot-test-case";
			requirement = {
				branch = main;
				kind = branch;
			};
		};
/* End XCRemoteSwiftPackageReference section */

/* Begin XCSwiftPackageProductDependency section */
		F8C7F5662811561900DA8DBD /* iOSSnapshotTestCase */ = {
			isa = XCSwiftPackageProductDependency;
			package = F8C7F5652811561900DA8DBD /* XCRemoteSwiftPackageReference "ios-snapshot-test-case" */;
			productName = iOSSnapshotTestCase;
		};
		F8C7F569281156A100DA8DBD /* iOSSnapshotTestCase */ = {
			isa = XCSwiftPackageProductDependency;
			package = F8C7F5652811561900DA8DBD /* XCRemoteSwiftPackageReference "ios-snapshot-test-case" */;
			productName = iOSSnapshotTestCase;
		};
/* End XCSwiftPackageProductDependency section */
	};
	rootObject = F83D4636264FA9940070C595 /* Project object */;
}
