// !$*UTF8*$!
{
	archiveVersion = 1;
	classes = {
	};
	objectVersion = 50;
	objects = {

/* Begin PBXBuildFile section */
		F8834C0D263FF63000A1FEAA /* AppDelegate.swift in Sources */ = {isa = PBXBuildFile; fileRef = F8834C0C263FF63000A1FEAA /* AppDelegate.swift */; };
		F8834C0F263FF63000A1FEAA /* SceneDelegate.swift in Sources */ = {isa = PBXBuildFile; fileRef = F8834C0E263FF63000A1FEAA /* SceneDelegate.swift */; };
		F8834C11263FF63000A1FEAA /* ViewController.swift in Sources */ = {isa = PBXBuildFile; fileRef = F8834C10263FF63000A1FEAA /* ViewController.swift */; };
		F8834C14263FF63100A1FEAA /* Main.storyboard in Resources */ = {isa = PBXBuildFile; fileRef = F8834C12263FF63100A1FEAA /* Main.storyboard */; };
		F8834C16263FF63300A1FEAA /* Assets.xcassets in Resources */ = {isa = PBXBuildFile; fileRef = F8834C15263FF63300A1FEAA /* Assets.xcassets */; };
		F8834C19263FF63300A1FEAA /* LaunchScreen.storyboard in Resources */ = {isa = PBXBuildFile; fileRef = F8834C17263FF63300A1FEAA /* LaunchScreen.storyboard */; };
		F8834C24263FF63400A1FEAA /* AssertYourselfTests.swift in Sources */ = {isa = PBXBuildFile; fileRef = F8834C23263FF63400A1FEAA /* AssertYourselfTests.swift */; };
		F8834C2F263FF63400A1FEAA /* AssertYourselfUITests.swift in Sources */ = {isa = PBXBuildFile; fileRef = F8834C2E263FF63400A1FEAA /* AssertYourselfUITests.swift */; };
/* End PBXBuildFile section */

/* Begin PBXContainerItemProxy section */
		F8834C20263FF63400A1FEAA /* PBXContainerItemProxy */ = {
			isa = PBXContainerItemProxy;
			containerPortal = F8834C01263FF63000A1FEAA /* Project object */;
			proxyType = 1;
			remoteGlobalIDString = F8834C08263FF63000A1FEAA;
			remoteInfo = AssertYourself;
		};
		F8834C2B263FF63400A1FEAA /* PBXContainerItemProxy */ = {
			isa = PBXContainerItemProxy;
			containerPortal = F8834C01263FF63000A1FEAA /* Project object */;
			proxyType = 1;
			remoteGlobalIDString = F8834C08263FF63000A1FEAA;
			remoteInfo = AssertYourself;
		};
/* End PBXContainerItemProxy section */

/* Begin PBXFileReference section */
		F8834C09263FF63000A1FEAA /* AssertYourself.app */ = {isa = PBXFileReference; explicitFileType = wrapper.application; includeInIndex = 0; path = AssertYourself.app; sourceTree = BUILT_PRODUCTS_DIR; };
		F8834C0C263FF63000A1FEAA /* AppDelegate.swift */ = {isa = PBXFileReference; lastKnownFileType = sourcecode.swift; path = AppDelegate.swift; sourceTree = "<group>"; };
		F8834C0E263FF63000A1FEAA /* SceneDelegate.swift */ = {isa = PBXFileReference; lastKnownFileType = sourcecode.swift; path = SceneDelegate.swift; sourceTree = "<group>"; };
		F8834C10263FF63000A1FEAA /* ViewController.swift */ = {isa = PBXFileReference; lastKnownFileType = sourcecode.swift; path = ViewController.swift; sourceTree = "<group>"; };
		F8834C13263FF63100A1FEAA /* Base */ = {isa = PBXFileReference; lastKnownFileType = file.storyboard; name = Base; path = Base.lproj/Main.storyboard; sourceTree = "<group>"; };
		F8834C15263FF63300A1FEAA /* Assets.xcassets */ = {isa = PBXFileReference; lastKnownFileType = folder.assetcatalog; path = Assets.xcassets; sourceTree = "<group>"; };
		F8834C18263FF63300A1FEAA /* Base */ = {isa = PBXFileReference; lastKnownFileType = file.storyboard; name = Base; path = Base.lproj/LaunchScreen.storyboard; sourceTree = "<group>"; };
		F8834C1A263FF63300A1FEAA /* Info.plist */ = {isa = PBXFileReference; lastKnownFileType = text.plist.xml; path = Info.plist; sourceTree = "<group>"; };
		F8834C1F263FF63400A1FEAA /* AssertYourselfTests.xctest */ = {isa = PBXFileReference; explicitFileType = wrapper.cfbundle; includeInIndex = 0; path = AssertYourselfTests.xctest; sourceTree = BUILT_PRODUCTS_DIR; };
		F8834C23263FF63400A1FEAA /* AssertYourselfTests.swift */ = {isa = PBXFileReference; lastKnownFileType = sourcecode.swift; path = AssertYourselfTests.swift; sourceTree = "<group>"; };
		F8834C25263FF63400A1FEAA /* Info.plist */ = {isa = PBXFileReference; lastKnownFileType = text.plist.xml; path = Info.plist; sourceTree = "<group>"; };
		F8834C2A263FF63400A1FEAA /* AssertYourselfUITests.xctest */ = {isa = PBXFileReference; explicitFileType = wrapper.cfbundle; includeInIndex = 0; path = AssertYourselfUITests.xctest; sourceTree = BUILT_PRODUCTS_DIR; };
		F8834C2E263FF63400A1FEAA /* AssertYourselfUITests.swift */ = {isa = PBXFileReference; lastKnownFileType = sourcecode.swift; path = AssertYourselfUITests.swift; sourceTree = "<group>"; };
		F8834C30263FF63400A1FEAA /* Info.plist */ = {isa = PBXFileReference; lastKnownFileType = text.plist.xml; path = Info.plist; sourceTree = "<group>"; };
/* End PBXFileReference section */

/* Begin PBXFrameworksBuildPhase section */
		F8834C06263FF63000A1FEAA /* Frameworks */ = {
			isa = PBXFrameworksBuildPhase;
			buildActionMask = 2147483647;
			files = (
			);
			runOnlyForDeploymentPostprocessing = 0;
		};
		F8834C1C263FF63400A1FEAA /* Frameworks */ = {
			isa = PBXFrameworksBuildPhase;
			buildActionMask = 2147483647;
			files = (
			);
			runOnlyForDeploymentPostprocessing = 0;
		};
		F8834C27263FF63400A1FEAA /* Frameworks */ = {
			isa = PBXFrameworksBuildPhase;
			buildActionMask = 2147483647;
			files = (
			);
			runOnlyForDeploymentPostprocessing = 0;
		};
/* End PBXFrameworksBuildPhase section */

/* Begin PBXGroup section */
		F8834C00263FF63000A1FEAA = {
			isa = PBXGroup;
			children = (
				F8834C0B263FF63000A1FEAA /* AssertYourself */,
				F8834C22263FF63400A1FEAA /* AssertYourselfTests */,
				F8834C2D263FF63400A1FEAA /* AssertYourselfUITests */,
				F8834C0A263FF63000A1FEAA /* Products */,
			);
			sourceTree = "<group>";
		};
		F8834C0A263FF63000A1FEAA /* Products */ = {
			isa = PBXGroup;
			children = (
				F8834C09263FF63000A1FEAA /* AssertYourself.app */,
				F8834C1F263FF63400A1FEAA /* AssertYourselfTests.xctest */,
				F8834C2A263FF63400A1FEAA /* AssertYourselfUITests.xctest */,
			);
			name = Products;
			sourceTree = "<group>";
		};
		F8834C0B263FF63000A1FEAA /* AssertYourself */ = {
			isa = PBXGroup;
			children = (
				F8834C0C263FF63000A1FEAA /* AppDelegate.swift */,
				F8834C0E263FF63000A1FEAA /* SceneDelegate.swift */,
				F8834C10263FF63000A1FEAA /* ViewController.swift */,
				F8834C12263FF63100A1FEAA /* Main.storyboard */,
				F8834C15263FF63300A1FEAA /* Assets.xcassets */,
				F8834C17263FF63300A1FEAA /* LaunchScreen.storyboard */,
				F8834C1A263FF63300A1FEAA /* Info.plist */,
			);
			path = AssertYourself;
			sourceTree = "<group>";
		};
		F8834C22263FF63400A1FEAA /* AssertYourselfTests */ = {
			isa = PBXGroup;
			children = (
				F8834C23263FF63400A1FEAA /* AssertYourselfTests.swift */,
				F8834C25263FF63400A1FEAA /* Info.plist */,
			);
			path = AssertYourselfTests;
			sourceTree = "<group>";
		};
		F8834C2D263FF63400A1FEAA /* AssertYourselfUITests */ = {
			isa = PBXGroup;
			children = (
				F8834C2E263FF63400A1FEAA /* AssertYourselfUITests.swift */,
				F8834C30263FF63400A1FEAA /* Info.plist */,
			);
			path = AssertYourselfUITests;
			sourceTree = "<group>";
		};
/* End PBXGroup section */

/* Begin PBXNativeTarget section */
		F8834C08263FF63000A1FEAA /* AssertYourself */ = {
			isa = PBXNativeTarget;
			buildConfigurationList = F8834C33263FF63400A1FEAA /* Build configuration list for PBXNativeTarget "AssertYourself" */;
			buildPhases = (
				F8834C05263FF63000A1FEAA /* Sources */,
				F8834C06263FF63000A1FEAA /* Frameworks */,
				F8834C07263FF63000A1FEAA /* Resources */,
			);
			buildRules = (
			);
			dependencies = (
			);
			name = AssertYourself;
			productName = AssertYourself;
			productReference = F8834C09263FF63000A1FEAA /* AssertYourself.app */;
			productType = "com.apple.product-type.application";
		};
		F8834C1E263FF63400A1FEAA /* AssertYourselfTests */ = {
			isa = PBXNativeTarget;
			buildConfigurationList = F8834C36263FF63400A1FEAA /* Build configuration list for PBXNativeTarget "AssertYourselfTests" */;
			buildPhases = (
				F8834C1B263FF63400A1FEAA /* Sources */,
				F8834C1C263FF63400A1FEAA /* Frameworks */,
				F8834C1D263FF63400A1FEAA /* Resources */,
			);
			buildRules = (
			);
			dependencies = (
				F8834C21263FF63400A1FEAA /* PBXTargetDependency */,
			);
			name = AssertYourselfTests;
			productName = AssertYourselfTests;
			productReference = F8834C1F263FF63400A1FEAA /* AssertYourselfTests.xctest */;
			productType = "com.apple.product-type.bundle.unit-test";
		};
		F8834C29263FF63400A1FEAA /* AssertYourselfUITests */ = {
			isa = PBXNativeTarget;
			buildConfigurationList = F8834C39263FF63400A1FEAA /* Build configuration list for PBXNativeTarget "AssertYourselfUITests" */;
			buildPhases = (
				F8834C26263FF63400A1FEAA /* Sources */,
				F8834C27263FF63400A1FEAA /* Frameworks */,
				F8834C28263FF63400A1FEAA /* Resources */,
			);
			buildRules = (
			);
			dependencies = (
				F8834C2C263FF63400A1FEAA /* PBXTargetDependency */,
			);
			name = AssertYourselfUITests;
			productName = AssertYourselfUITests;
			productReference = F8834C2A263FF63400A1FEAA /* AssertYourselfUITests.xctest */;
			productType = "com.apple.product-type.bundle.ui-testing";
		};
/* End PBXNativeTarget section */

/* Begin PBXProject section */
		F8834C01263FF63000A1FEAA /* Project object */ = {
			isa = PBXProject;
			attributes = {
				LastSwiftUpdateCheck = 1240;
				LastUpgradeCheck = 1240;
				TargetAttributes = {
					F8834C08263FF63000A1FEAA = {
						CreatedOnToolsVersion = 12.4;
					};
					F8834C1E263FF63400A1FEAA = {
						CreatedOnToolsVersion = 12.4;
						TestTargetID = F8834C08263FF63000A1FEAA;
					};
					F8834C29263FF63400A1FEAA = {
						CreatedOnToolsVersion = 12.4;
						TestTargetID = F8834C08263FF63000A1FEAA;
					};
				};
			};
			buildConfigurationList = F8834C04263FF63000A1FEAA /* Build configuration list for PBXProject "AssertYourself" */;
			compatibilityVersion = "Xcode 9.3";
			developmentRegion = en;
			hasScannedForEncodings = 0;
			knownRegions = (
				en,
				Base,
			);
			mainGroup = F8834C00263FF63000A1FEAA;
			productRefGroup = F8834C0A263FF63000A1FEAA /* Products */;
			projectDirPath = "";
			projectRoot = "";
			targets = (
				F8834C08263FF63000A1FEAA /* AssertYourself */,
				F8834C1E263FF63400A1FEAA /* AssertYourselfTests */,
				F8834C29263FF63400A1FEAA /* AssertYourselfUITests */,
			);
		};
/* End PBXProject section */

/* Begin PBXResourcesBuildPhase section */
		F8834C07263FF63000A1FEAA /* Resources */ = {
			isa = PBXResourcesBuildPhase;
			buildActionMask = 2147483647;
			files = (
				F8834C19263FF63300A1FEAA /* LaunchScreen.storyboard in Resources */,
				F8834C16263FF63300A1FEAA /* Assets.xcassets in Resources */,
				F8834C14263FF63100A1FEAA /* Main.storyboard in Resources */,
			);
			runOnlyForDeploymentPostprocessing = 0;
		};
		F8834C1D263FF63400A1FEAA /* Resources */ = {
			isa = PBXResourcesBuildPhase;
			buildActionMask = 2147483647;
			files = (
			);
			runOnlyForDeploymentPostprocessing = 0;
		};
		F8834C28263FF63400A1FEAA /* Resources */ = {
			isa = PBXResourcesBuildPhase;
			buildActionMask = 2147483647;
			files = (
			);
			runOnlyForDeploymentPostprocessing = 0;
		};
/* End PBXResourcesBuildPhase section */

/* Begin PBXSourcesBuildPhase section */
		F8834C05263FF63000A1FEAA /* Sources */ = {
			isa = PBXSourcesBuildPhase;
			buildActionMask = 2147483647;
			files = (
				F8834C11263FF63000A1FEAA /* ViewController.swift in Sources */,
				F8834C0D263FF63000A1FEAA /* AppDelegate.swift in Sources */,
				F8834C0F263FF63000A1FEAA /* SceneDelegate.swift in Sources */,
			);
			runOnlyForDeploymentPostprocessing = 0;
		};
		F8834C1B263FF63400A1FEAA /* Sources */ = {
			isa = PBXSourcesBuildPhase;
			buildActionMask = 2147483647;
			files = (
				F8834C24263FF63400A1FEAA /* AssertYourselfTests.swift in Sources */,
			);
			runOnlyForDeploymentPostprocessing = 0;
		};
		F8834C26263FF63400A1FEAA /* Sources */ = {
			isa = PBXSourcesBuildPhase;
			buildActionMask = 2147483647;
			files = (
				F8834C2F263FF63400A1FEAA /* AssertYourselfUITests.swift in Sources */,
			);
			runOnlyForDeploymentPostprocessing = 0;
		};
/* End PBXSourcesBuildPhase section */

/* Begin PBXTargetDependency section */
		F8834C21263FF63400A1FEAA /* PBXTargetDependency */ = {
			isa = PBXTargetDependency;
			target = F8834C08263FF63000A1FEAA /* AssertYourself */;
			targetProxy = F8834C20263FF63400A1FEAA /* PBXContainerItemProxy */;
		};
		F8834C2C263FF63400A1FEAA /* PBXTargetDependency */ = {
			isa = PBXTargetDependency;
			target = F8834C08263FF63000A1FEAA /* AssertYourself */;
			targetProxy = F8834C2B263FF63400A1FEAA /* PBXContainerItemProxy */;
		};
/* End PBXTargetDependency section */

/* Begin PBXVariantGroup section */
		F8834C12263FF63100A1FEAA /* Main.storyboard */ = {
			isa = PBXVariantGroup;
			children = (
				F8834C13263FF63100A1FEAA /* Base */,
			);
			name = Main.storyboard;
			sourceTree = "<group>";
		};
		F8834C17263FF63300A1FEAA /* LaunchScreen.storyboard */ = {
			isa = PBXVariantGroup;
			children = (
				F8834C18263FF63300A1FEAA /* Base */,
			);
			name = LaunchScreen.storyboard;
			sourceTree = "<group>";
		};
/* End PBXVariantGroup section */

/* Begin XCBuildConfiguration section */
		F8834C31263FF63400A1FEAA /* Debug */ = {
			isa = XCBuildConfiguration;
			buildSettings = {
				ALWAYS_SEARCH_USER_PATHS = NO;
				CLANG_ANALYZER_NONNULL = YES;
				CLANG_ANALYZER_NUMBER_OBJECT_CONVERSION = YES_AGGRESSIVE;
				CLANG_CXX_LANGUAGE_STANDARD = "gnu++14";
				CLANG_CXX_LIBRARY = "libc++";
				CLANG_ENABLE_MODULES = YES;
				CLANG_ENABLE_OBJC_ARC = YES;
				CLANG_ENABLE_OBJC_WEAK = YES;
				CLANG_WARN_BLOCK_CAPTURE_AUTORELEASING = YES;
				CLANG_WARN_BOOL_CONVERSION = YES;
				CLANG_WARN_COMMA = YES;
				CLANG_WARN_CONSTANT_CONVERSION = YES;
				CLANG_WARN_DEPRECATED_OBJC_IMPLEMENTATIONS = YES;
				CLANG_WARN_DIRECT_OBJC_ISA_USAGE = YES_ERROR;
				CLANG_WARN_DOCUMENTATION_COMMENTS = YES;
				CLANG_WARN_EMPTY_BODY = YES;
				CLANG_WARN_ENUM_CONVERSION = YES;
				CLANG_WARN_INFINITE_RECURSION = YES;
				CLANG_WARN_INT_CONVERSION = YES;
				CLANG_WARN_NON_LITERAL_NULL_CONVERSION = YES;
				CLANG_WARN_OBJC_IMPLICIT_RETAIN_SELF = YES;
				CLANG_WARN_OBJC_LITERAL_CONVERSION = YES;
				CLANG_WARN_OBJC_ROOT_CLASS = YES_ERROR;
				CLANG_WARN_QUOTED_INCLUDE_IN_FRAMEWORK_HEADER = YES;
				CLANG_WARN_RANGE_LOOP_ANALYSIS = YES;
				CLANG_WARN_STRICT_PROTOTYPES = YES;
				CLANG_WARN_SUSPICIOUS_MOVE = YES;
				CLANG_WARN_UNGUARDED_AVAILABILITY = YES_AGGRESSIVE;
				CLANG_WARN_UNREACHABLE_CODE = YES;
				CLANG_WARN__DUPLICATE_METHOD_MATCH = YES;
				COPY_PHASE_STRIP = NO;
				DEBUG_INFORMATION_FORMAT = dwarf;
				ENABLE_STRICT_OBJC_MSGSEND = YES;
				ENABLE_TESTABILITY = YES;
				GCC_C_LANGUAGE_STANDARD = gnu11;
				GCC_DYNAMIC_NO_PIC = NO;
				GCC_NO_COMMON_BLOCKS = YES;
				GCC_OPTIMIZATION_LEVEL = 0;
				GCC_PREPROCESSOR_DEFINITIONS = (
					"DEBUG=1",
					"$(inherited)",
				);
				GCC_WARN_64_TO_32_BIT_CONVERSION = YES;
				GCC_WARN_ABOUT_RETURN_TYPE = YES_ERROR;
				GCC_WARN_UNDECLARED_SELECTOR = YES;
				GCC_WARN_UNINITIALIZED_AUTOS = YES_AGGRESSIVE;
				GCC_WARN_UNUSED_FUNCTION = YES;
				GCC_WARN_UNUSED_VARIABLE = YES;
				IPHONEOS_DEPLOYMENT_TARGET = 14.4;
				MTL_ENABLE_DEBUG_INFO = INCLUDE_SOURCE;
				MTL_FAST_MATH = YES;
				ONLY_ACTIVE_ARCH = YES;
				SDKROOT = iphoneos;
				SWIFT_ACTIVE_COMPILATION_CONDITIONS = DEBUG;
				SWIFT_OPTIMIZATION_LEVEL = "-Onone";
			};
			name = Debug;
		};
		F8834C32263FF63400A1FEAA /* Release */ = {
			isa = XCBuildConfiguration;
			buildSettings = {
				ALWAYS_SEARCH_USER_PATHS = NO;
				CLANG_ANALYZER_NONNULL = YES;
				CLANG_ANALYZER_NUMBER_OBJECT_CONVERSION = YES_AGGRESSIVE;
				CLANG_CXX_LANGUAGE_STANDARD = "gnu++14";
				CLANG_CXX_LIBRARY = "libc++";
				CLANG_ENABLE_MODULES = YES;
				CLANG_ENABLE_OBJC_ARC = YES;
				CLANG_ENABLE_OBJC_WEAK = YES;
				CLANG_WARN_BLOCK_CAPTURE_AUTORELEASING = YES;
				CLANG_WARN_BOOL_CONVERSION = YES;
				CLANG_WARN_COMMA = YES;
				CLANG_WARN_CONSTANT_CONVERSION = YES;
				CLANG_WARN_DEPRECATED_OBJC_IMPLEMENTATIONS = YES;
				CLANG_WARN_DIRECT_OBJC_ISA_USAGE = YES_ERROR;
				CLANG_WARN_DOCUMENTATION_COMMENTS = YES;
				CLANG_WARN_EMPTY_BODY = YES;
				CLANG_WARN_ENUM_CONVERSION = YES;
				CLANG_WARN_INFINITE_RECURSION = YES;
				CLANG_WARN_INT_CONVERSION = YES;
				CLANG_WARN_NON_LITERAL_NULL_CONVERSION = YES;
				CLANG_WARN_OBJC_IMPLICIT_RETAIN_SELF = YES;
				CLANG_WARN_OBJC_LITERAL_CONVERSION = YES;
				CLANG_WARN_OBJC_ROOT_CLASS = YES_ERROR;
				CLANG_WARN_QUOTED_INCLUDE_IN_FRAMEWORK_HEADER = YES;
				CLANG_WARN_RANGE_LOOP_ANALYSIS = YES;
				CLANG_WARN_STRICT_PROTOTYPES = YES;
				CLANG_WARN_SUSPICIOUS_MOVE = YES;
				CLANG_WARN_UNGUARDED_AVAILABILITY = YES_AGGRESSIVE;
				CLANG_WARN_UNREACHABLE_CODE = YES;
				CLANG_WARN__DUPLICATE_METHOD_MATCH = YES;
				COPY_PHASE_STRIP = NO;
				DEBUG_INFORMATION_FORMAT = "dwarf-with-dsym";
				ENABLE_NS_ASSERTIONS = NO;
				ENABLE_STRICT_OBJC_MSGSEND = YES;
				GCC_C_LANGUAGE_STANDARD = gnu11;
				GCC_NO_COMMON_BLOCKS = YES;
				GCC_WARN_64_TO_32_BIT_CONVERSION = YES;
				GCC_WARN_ABOUT_RETURN_TYPE = YES_ERROR;
				GCC_WARN_UNDECLARED_SELECTOR = YES;
				GCC_WARN_UNINITIALIZED_AUTOS = YES_AGGRESSIVE;
				GCC_WARN_UNUSED_FUNCTION = YES;
				GCC_WARN_UNUSED_VARIABLE = YES;
				IPHONEOS_DEPLOYMENT_TARGET = 14.4;
				MTL_ENABLE_DEBUG_INFO = NO;
				MTL_FAST_MATH = YES;
				SDKROOT = iphoneos;
				SWIFT_COMPILATION_MODE = wholemodule;
				SWIFT_OPTIMIZATION_LEVEL = "-O";
				VALIDATE_PRODUCT = YES;
			};
			name = Release;
		};
		F8834C34263FF63400A1FEAA /* Debug */ = {
			isa = XCBuildConfiguration;
			buildSettings = {
				ASSETCATALOG_COMPILER_APPICON_NAME = AppIcon;
				ASSETCATALOG_COMPILER_GLOBAL_ACCENT_COLOR_NAME = AccentColor;
				CODE_SIGN_STYLE = Automatic;
				DEVELOPMENT_TEAM = H5BFNRJ7J5;
				INFOPLIST_FILE = AssertYourself/Info.plist;
				LD_RUNPATH_SEARCH_PATHS = (
					"$(inherited)",
					"@executable_path/Frameworks",
				);
				PRODUCT_BUNDLE_IDENTIFIER = com.mycompany.AssertYourself;
				PRODUCT_NAME = "$(TARGET_NAME)";
				SWIFT_VERSION = 5.0;
				TARGETED_DEVICE_FAMILY = "1,2";
			};
			name = Debug;
		};
		F8834C35263FF63400A1FEAA /* Release */ = {
			isa = XCBuildConfiguration;
			buildSettings = {
				ASSETCATALOG_COMPILER_APPICON_NAME = AppIcon;
				ASSETCATALOG_COMPILER_GLOBAL_ACCENT_COLOR_NAME = AccentColor;
				CODE_SIGN_STYLE = Automatic;
				DEVELOPMENT_TEAM = H5BFNRJ7J5;
				INFOPLIST_FILE = AssertYourself/Info.plist;
				LD_RUNPATH_SEARCH_PATHS = (
					"$(inherited)",
					"@executable_path/Frameworks",
				);
				PRODUCT_BUNDLE_IDENTIFIER = com.mycompany.AssertYourself;
				PRODUCT_NAME = "$(TARGET_NAME)";
				SWIFT_VERSION = 5.0;
				TARGETED_DEVICE_FAMILY = "1,2";
			};
			name = Release;
		};
		F8834C37263FF63400A1FEAA /* Debug */ = {
			isa = XCBuildConfiguration;
			buildSettings = {
				ALWAYS_EMBED_SWIFT_STANDARD_LIBRARIES = YES;
				BUNDLE_LOADER = "$(TEST_HOST)";
				CODE_SIGN_STYLE = Automatic;
				DEVELOPMENT_TEAM = H5BFNRJ7J5;
				INFOPLIST_FILE = AssertYourselfTests/Info.plist;
				IPHONEOS_DEPLOYMENT_TARGET = 14.4;
				LD_RUNPATH_SEARCH_PATHS = (
					"$(inherited)",
					"@executable_path/Frameworks",
					"@loader_path/Frameworks",
				);
				PRODUCT_BUNDLE_IDENTIFIER = com.mycompany.AssertYourselfTests;
				PRODUCT_NAME = "$(TARGET_NAME)";
				SWIFT_VERSION = 5.0;
				TARGETED_DEVICE_FAMILY = "1,2";
				TEST_HOST = "$(BUILT_PRODUCTS_DIR)/AssertYourself.app/AssertYourself";
			};
			name = Debug;
		};
		F8834C38263FF63400A1FEAA /* Release */ = {
			isa = XCBuildConfiguration;
			buildSettings = {
				ALWAYS_EMBED_SWIFT_STANDARD_LIBRARIES = YES;
				BUNDLE_LOADER = "$(TEST_HOST)";
				CODE_SIGN_STYLE = Automatic;
				DEVELOPMENT_TEAM = H5BFNRJ7J5;
				INFOPLIST_FILE = AssertYourselfTests/Info.plist;
				IPHONEOS_DEPLOYMENT_TARGET = 14.4;
				LD_RUNPATH_SEARCH_PATHS = (
					"$(inherited)",
					"@executable_path/Frameworks",
					"@loader_path/Frameworks",
				);
				PRODUCT_BUNDLE_IDENTIFIER = com.mycompany.AssertYourselfTests;
				PRODUCT_NAME = "$(TARGET_NAME)";
				SWIFT_VERSION = 5.0;
				TARGETED_DEVICE_FAMILY = "1,2";
				TEST_HOST = "$(BUILT_PRODUCTS_DIR)/AssertYourself.app/AssertYourself";
			};
			name = Release;
		};
		F8834C3A263FF63400A1FEAA /* Debug */ = {
			isa = XCBuildConfiguration;
			buildSettings = {
				ALWAYS_EMBED_SWIFT_STANDARD_LIBRARIES = YES;
				CODE_SIGN_STYLE = Automatic;
				DEVELOPMENT_TEAM = H5BFNRJ7J5;
				INFOPLIST_FILE = AssertYourselfUITests/Info.plist;
				LD_RUNPATH_SEARCH_PATHS = (
					"$(inherited)",
					"@executable_path/Frameworks",
					"@loader_path/Frameworks",
				);
				PRODUCT_BUNDLE_IDENTIFIER = com.mycompany.AssertYourselfUITests;
				PRODUCT_NAME = "$(TARGET_NAME)";
				SWIFT_VERSION = 5.0;
				TARGETED_DEVICE_FAMILY = "1,2";
				TEST_TARGET_NAME = AssertYourself;
			};
			name = Debug;
		};
		F8834C3B263FF63400A1FEAA /* Release */ = {
			isa = XCBuildConfiguration;
			buildSettings = {
				ALWAYS_EMBED_SWIFT_STANDARD_LIBRARIES = YES;
				CODE_SIGN_STYLE = Automatic;
				DEVELOPMENT_TEAM = H5BFNRJ7J5;
				INFOPLIST_FILE = AssertYourselfUITests/Info.plist;
				LD_RUNPATH_SEARCH_PATHS = (
					"$(inherited)",
					"@executable_path/Frameworks",
					"@loader_path/Frameworks",
				);
				PRODUCT_BUNDLE_IDENTIFIER = com.mycompany.AssertYourselfUITests;
				PRODUCT_NAME = "$(TARGET_NAME)";
				SWIFT_VERSION = 5.0;
				TARGETED_DEVICE_FAMILY = "1,2";
				TEST_TARGET_NAME = AssertYourself;
			};
			name = Release;
		};
/* End XCBuildConfiguration section */

/* Begin XCConfigurationList section */
		F8834C04263FF63000A1FEAA /* Build configuration list for PBXProject "AssertYourself" */ = {
			isa = XCConfigurationList;
			buildConfigurations = (
				F8834C31263FF63400A1FEAA /* Debug */,
				F8834C32263FF63400A1FEAA /* Release */,
			);
			defaultConfigurationIsVisible = 0;
			defaultConfigurationName = Release;
		};
		F8834C33263FF63400A1FEAA /* Build configuration list for PBXNativeTarget "AssertYourself" */ = {
			isa = XCConfigurationList;
			buildConfigurations = (
				F8834C34263FF63400A1FEAA /* Debug */,
				F8834C35263FF63400A1FEAA /* Release */,
			);
			defaultConfigurationIsVisible = 0;
			defaultConfigurationName = Release;
		};
		F8834C36263FF63400A1FEAA /* Build configuration list for PBXNativeTarget "AssertYourselfTests" */ = {
			isa = XCConfigurationList;
			buildConfigurations = (
				F8834C37263FF63400A1FEAA /* Debug */,
				F8834C38263FF63400A1FEAA /* Release */,
			);
			defaultConfigurationIsVisible = 0;
			defaultConfigurationName = Release;
		};
		F8834C39263FF63400A1FEAA /* Build configuration list for PBXNativeTarget "AssertYourselfUITests" */ = {
			isa = XCConfigurationList;
			buildConfigurations = (
				F8834C3A263FF63400A1FEAA /* Debug */,
				F8834C3B263FF63400A1FEAA /* Release */,
			);
			defaultConfigurationIsVisible = 0;
			defaultConfigurationName = Release;
		};
/* End XCConfigurationList section */
	};
	rootObject = F8834C01263FF63000A1FEAA /* Project object */;
}
