// !$*UTF8*$!
{
	archiveVersion = 1;
	classes = {
	};
	objectVersion = 50;
	objects = {

/* Begin PBXBuildFile section */
		F8EB204A2642B4EA00E897EE /* AppDelegate.swift in Sources */ = {isa = PBXBuildFile; fileRef = F8EB20492642B4EA00E897EE /* AppDelegate.swift */; };
		F8EB204C2642B4EA00E897EE /* SceneDelegate.swift in Sources */ = {isa = PBXBuildFile; fileRef = F8EB204B2642B4EA00E897EE /* SceneDelegate.swift */; };
		F8EB204E2642B4EA00E897EE /* ViewController.swift in Sources */ = {isa = PBXBuildFile; fileRef = F8EB204D2642B4EA00E897EE /* ViewController.swift */; };
		F8EB20512642B4EA00E897EE /* Main.storyboard in Resources */ = {isa = PBXBuildFile; fileRef = F8EB204F2642B4EA00E897EE /* Main.storyboard */; };
		F8EB20532642B4ED00E897EE /* Assets.xcassets in Resources */ = {isa = PBXBuildFile; fileRef = F8EB20522642B4ED00E897EE /* Assets.xcassets */; };
		F8EB20562642B4ED00E897EE /* LaunchScreen.storyboard in Resources */ = {isa = PBXBuildFile; fileRef = F8EB20542642B4ED00E897EE /* LaunchScreen.storyboard */; };
		F8EB206C2642B4ED00E897EE /* CodeCoverageUITests.swift in Sources */ = {isa = PBXBuildFile; fileRef = F8EB206B2642B4ED00E897EE /* CodeCoverageUITests.swift */; };
		F8EB207D2642B50D00E897EE /* CoveredClass.swift in Sources */ = {isa = PBXBuildFile; fileRef = F8EB207C2642B50D00E897EE /* CoveredClass.swift */; };
		F8EB20852642B59B00E897EE /* CoveredClassTests.swift in Sources */ = {isa = PBXBuildFile; fileRef = F8EB20842642B59B00E897EE /* CoveredClassTests.swift */; };
/* End PBXBuildFile section */

/* Begin PBXContainerItemProxy section */
		F8EB205D2642B4ED00E897EE /* PBXContainerItemProxy */ = {
			isa = PBXContainerItemProxy;
			containerPortal = F8EB203E2642B4EA00E897EE /* Project object */;
			proxyType = 1;
			remoteGlobalIDString = F8EB20452642B4EA00E897EE;
			remoteInfo = CodeCoverage;
		};
		F8EB20682642B4ED00E897EE /* PBXContainerItemProxy */ = {
			isa = PBXContainerItemProxy;
			containerPortal = F8EB203E2642B4EA00E897EE /* Project object */;
			proxyType = 1;
			remoteGlobalIDString = F8EB20452642B4EA00E897EE;
			remoteInfo = CodeCoverage;
		};
/* End PBXContainerItemProxy section */

/* Begin PBXFileReference section */
		F8EB20462642B4EA00E897EE /* CodeCoverage.app */ = {isa = PBXFileReference; explicitFileType = wrapper.application; includeInIndex = 0; path = CodeCoverage.app; sourceTree = BUILT_PRODUCTS_DIR; };
		F8EB20492642B4EA00E897EE /* AppDelegate.swift */ = {isa = PBXFileReference; lastKnownFileType = sourcecode.swift; path = AppDelegate.swift; sourceTree = "<group>"; };
		F8EB204B2642B4EA00E897EE /* SceneDelegate.swift */ = {isa = PBXFileReference; lastKnownFileType = sourcecode.swift; path = SceneDelegate.swift; sourceTree = "<group>"; };
		F8EB204D2642B4EA00E897EE /* ViewController.swift */ = {isa = PBXFileReference; lastKnownFileType = sourcecode.swift; path = ViewController.swift; sourceTree = "<group>"; };
		F8EB20502642B4EA00E897EE /* Base */ = {isa = PBXFileReference; lastKnownFileType = file.storyboard; name = Base; path = Base.lproj/Main.storyboard; sourceTree = "<group>"; };
		F8EB20522642B4ED00E897EE /* Assets.xcassets */ = {isa = PBXFileReference; lastKnownFileType = folder.assetcatalog; path = Assets.xcassets; sourceTree = "<group>"; };
		F8EB20552642B4ED00E897EE /* Base */ = {isa = PBXFileReference; lastKnownFileType = file.storyboard; name = Base; path = Base.lproj/LaunchScreen.storyboard; sourceTree = "<group>"; };
		F8EB20572642B4ED00E897EE /* Info.plist */ = {isa = PBXFileReference; lastKnownFileType = text.plist.xml; path = Info.plist; sourceTree = "<group>"; };
		F8EB205C2642B4ED00E897EE /* CodeCoverageTests.xctest */ = {isa = PBXFileReference; explicitFileType = wrapper.cfbundle; includeInIndex = 0; path = CodeCoverageTests.xctest; sourceTree = BUILT_PRODUCTS_DIR; };
		F8EB20622642B4ED00E897EE /* Info.plist */ = {isa = PBXFileReference; lastKnownFileType = text.plist.xml; path = Info.plist; sourceTree = "<group>"; };
		F8EB20672642B4ED00E897EE /* CodeCoverageUITests.xctest */ = {isa = PBXFileReference; explicitFileType = wrapper.cfbundle; includeInIndex = 0; path = CodeCoverageUITests.xctest; sourceTree = BUILT_PRODUCTS_DIR; };
		F8EB206B2642B4ED00E897EE /* CodeCoverageUITests.swift */ = {isa = PBXFileReference; lastKnownFileType = sourcecode.swift; path = CodeCoverageUITests.swift; sourceTree = "<group>"; };
		F8EB206D2642B4ED00E897EE /* Info.plist */ = {isa = PBXFileReference; lastKnownFileType = text.plist.xml; path = Info.plist; sourceTree = "<group>"; };
		F8EB207C2642B50D00E897EE /* CoveredClass.swift */ = {isa = PBXFileReference; lastKnownFileType = sourcecode.swift; path = CoveredClass.swift; sourceTree = "<group>"; };
		F8EB20842642B59B00E897EE /* CoveredClassTests.swift */ = {isa = PBXFileReference; lastKnownFileType = sourcecode.swift; path = CoveredClassTests.swift; sourceTree = "<group>"; };
/* End PBXFileReference section */

/* Begin PBXFrameworksBuildPhase section */
		F8EB20432642B4EA00E897EE /* Frameworks */ = {
			isa = PBXFrameworksBuildPhase;
			buildActionMask = 2147483647;
			files = (
			);
			runOnlyForDeploymentPostprocessing = 0;
		};
		F8EB20592642B4ED00E897EE /* Frameworks */ = {
			isa = PBXFrameworksBuildPhase;
			buildActionMask = 2147483647;
			files = (
			);
			runOnlyForDeploymentPostprocessing = 0;
		};
		F8EB20642642B4ED00E897EE /* Frameworks */ = {
			isa = PBXFrameworksBuildPhase;
			buildActionMask = 2147483647;
			files = (
			);
			runOnlyForDeploymentPostprocessing = 0;
		};
/* End PBXFrameworksBuildPhase section */

/* Begin PBXGroup section */
		F8EB203D2642B4EA00E897EE = {
			isa = PBXGroup;
			children = (
				F8EB20482642B4EA00E897EE /* CodeCoverage */,
				F8EB205F2642B4ED00E897EE /* CodeCoverageTests */,
				F8EB206A2642B4ED00E897EE /* CodeCoverageUITests */,
				F8EB20472642B4EA00E897EE /* Products */,
			);
			sourceTree = "<group>";
		};
		F8EB20472642B4EA00E897EE /* Products */ = {
			isa = PBXGroup;
			children = (
				F8EB20462642B4EA00E897EE /* CodeCoverage.app */,
				F8EB205C2642B4ED00E897EE /* CodeCoverageTests.xctest */,
				F8EB20672642B4ED00E897EE /* CodeCoverageUITests.xctest */,
			);
			name = Products;
			sourceTree = "<group>";
		};
		F8EB20482642B4EA00E897EE /* CodeCoverage */ = {
			isa = PBXGroup;
			children = (
				F8EB20492642B4EA00E897EE /* AppDelegate.swift */,
				F8EB204B2642B4EA00E897EE /* SceneDelegate.swift */,
				F8EB204D2642B4EA00E897EE /* ViewController.swift */,
				F8EB207C2642B50D00E897EE /* CoveredClass.swift */,
				F8EB204F2642B4EA00E897EE /* Main.storyboard */,
				F8EB20522642B4ED00E897EE /* Assets.xcassets */,
				F8EB20542642B4ED00E897EE /* LaunchScreen.storyboard */,
				F8EB20572642B4ED00E897EE /* Info.plist */,
			);
			path = CodeCoverage;
			sourceTree = "<group>";
		};
		F8EB205F2642B4ED00E897EE /* CodeCoverageTests */ = {
			isa = PBXGroup;
			children = (
				F8EB20842642B59B00E897EE /* CoveredClassTests.swift */,
				F8EB20622642B4ED00E897EE /* Info.plist */,
			);
			path = CodeCoverageTests;
			sourceTree = "<group>";
		};
		F8EB206A2642B4ED00E897EE /* CodeCoverageUITests */ = {
			isa = PBXGroup;
			children = (
				F8EB206B2642B4ED00E897EE /* CodeCoverageUITests.swift */,
				F8EB206D2642B4ED00E897EE /* Info.plist */,
			);
			path = CodeCoverageUITests;
			sourceTree = "<group>";
		};
/* End PBXGroup section */

/* Begin PBXNativeTarget section */
		F8EB20452642B4EA00E897EE /* CodeCoverage */ = {
			isa = PBXNativeTarget;
			buildConfigurationList = F8EB20702642B4ED00E897EE /* Build configuration list for PBXNativeTarget "CodeCoverage" */;
			buildPhases = (
				F8EB20422642B4EA00E897EE /* Sources */,
				F8EB20432642B4EA00E897EE /* Frameworks */,
				F8EB20442642B4EA00E897EE /* Resources */,
			);
			buildRules = (
			);
			dependencies = (
			);
			name = CodeCoverage;
			productName = CodeCoverage;
			productReference = F8EB20462642B4EA00E897EE /* CodeCoverage.app */;
			productType = "com.apple.product-type.application";
		};
		F8EB205B2642B4ED00E897EE /* CodeCoverageTests */ = {
			isa = PBXNativeTarget;
			buildConfigurationList = F8EB20732642B4ED00E897EE /* Build configuration list for PBXNativeTarget "CodeCoverageTests" */;
			buildPhases = (
				F8EB20582642B4ED00E897EE /* Sources */,
				F8EB20592642B4ED00E897EE /* Frameworks */,
				F8EB205A2642B4ED00E897EE /* Resources */,
			);
			buildRules = (
			);
			dependencies = (
				F8EB205E2642B4ED00E897EE /* PBXTargetDependency */,
			);
			name = CodeCoverageTests;
			productName = CodeCoverageTests;
			productReference = F8EB205C2642B4ED00E897EE /* CodeCoverageTests.xctest */;
			productType = "com.apple.product-type.bundle.unit-test";
		};
		F8EB20662642B4ED00E897EE /* CodeCoverageUITests */ = {
			isa = PBXNativeTarget;
			buildConfigurationList = F8EB20762642B4ED00E897EE /* Build configuration list for PBXNativeTarget "CodeCoverageUITests" */;
			buildPhases = (
				F8EB20632642B4ED00E897EE /* Sources */,
				F8EB20642642B4ED00E897EE /* Frameworks */,
				F8EB20652642B4ED00E897EE /* Resources */,
			);
			buildRules = (
			);
			dependencies = (
				F8EB20692642B4ED00E897EE /* PBXTargetDependency */,
			);
			name = CodeCoverageUITests;
			productName = CodeCoverageUITests;
			productReference = F8EB20672642B4ED00E897EE /* CodeCoverageUITests.xctest */;
			productType = "com.apple.product-type.bundle.ui-testing";
		};
/* End PBXNativeTarget section */

/* Begin PBXProject section */
		F8EB203E2642B4EA00E897EE /* Project object */ = {
			isa = PBXProject;
			attributes = {
				LastSwiftUpdateCheck = 1240;
				LastUpgradeCheck = 1240;
				TargetAttributes = {
					F8EB20452642B4EA00E897EE = {
						CreatedOnToolsVersion = 12.4;
					};
					F8EB205B2642B4ED00E897EE = {
						CreatedOnToolsVersion = 12.4;
						LastSwiftMigration = 1240;
						TestTargetID = F8EB20452642B4EA00E897EE;
					};
					F8EB20662642B4ED00E897EE = {
						CreatedOnToolsVersion = 12.4;
						TestTargetID = F8EB20452642B4EA00E897EE;
					};
				};
			};
			buildConfigurationList = F8EB20412642B4EA00E897EE /* Build configuration list for PBXProject "CodeCoverage" */;
			compatibilityVersion = "Xcode 9.3";
			developmentRegion = en;
			hasScannedForEncodings = 0;
			knownRegions = (
				en,
				Base,
			);
			mainGroup = F8EB203D2642B4EA00E897EE;
			productRefGroup = F8EB20472642B4EA00E897EE /* Products */;
			projectDirPath = "";
			projectRoot = "";
			targets = (
				F8EB20452642B4EA00E897EE /* CodeCoverage */,
				F8EB205B2642B4ED00E897EE /* CodeCoverageTests */,
				F8EB20662642B4ED00E897EE /* CodeCoverageUITests */,
			);
		};
/* End PBXProject section */

/* Begin PBXResourcesBuildPhase section */
		F8EB20442642B4EA00E897EE /* Resources */ = {
			isa = PBXResourcesBuildPhase;
			buildActionMask = 2147483647;
			files = (
				F8EB20562642B4ED00E897EE /* LaunchScreen.storyboard in Resources */,
				F8EB20532642B4ED00E897EE /* Assets.xcassets in Resources */,
				F8EB20512642B4EA00E897EE /* Main.storyboard in Resources */,
			);
			runOnlyForDeploymentPostprocessing = 0;
		};
		F8EB205A2642B4ED00E897EE /* Resources */ = {
			isa = PBXResourcesBuildPhase;
			buildActionMask = 2147483647;
			files = (
			);
			runOnlyForDeploymentPostprocessing = 0;
		};
		F8EB20652642B4ED00E897EE /* Resources */ = {
			isa = PBXResourcesBuildPhase;
			buildActionMask = 2147483647;
			files = (
			);
			runOnlyForDeploymentPostprocessing = 0;
		};
/* End PBXResourcesBuildPhase section */

/* Begin PBXSourcesBuildPhase section */
		F8EB20422642B4EA00E897EE /* Sources */ = {
			isa = PBXSourcesBuildPhase;
			buildActionMask = 2147483647;
			files = (
				F8EB204E2642B4EA00E897EE /* ViewController.swift in Sources */,
				F8EB204A2642B4EA00E897EE /* AppDelegate.swift in Sources */,
				F8EB204C2642B4EA00E897EE /* SceneDelegate.swift in Sources */,
				F8EB207D2642B50D00E897EE /* CoveredClass.swift in Sources */,
			);
			runOnlyForDeploymentPostprocessing = 0;
		};
		F8EB20582642B4ED00E897EE /* Sources */ = {
			isa = PBXSourcesBuildPhase;
			buildActionMask = 2147483647;
			files = (
				F8EB20852642B59B00E897EE /* CoveredClassTests.swift in Sources */,
			);
			runOnlyForDeploymentPostprocessing = 0;
		};
		F8EB20632642B4ED00E897EE /* Sources */ = {
			isa = PBXSourcesBuildPhase;
			buildActionMask = 2147483647;
			files = (
				F8EB206C2642B4ED00E897EE /* CodeCoverageUITests.swift in Sources */,
			);
			runOnlyForDeploymentPostprocessing = 0;
		};
/* End PBXSourcesBuildPhase section */

/* Begin PBXTargetDependency section */
		F8EB205E2642B4ED00E897EE /* PBXTargetDependency */ = {
			isa = PBXTargetDependency;
			target = F8EB20452642B4EA00E897EE /* CodeCoverage */;
			targetProxy = F8EB205D2642B4ED00E897EE /* PBXContainerItemProxy */;
		};
		F8EB20692642B4ED00E897EE /* PBXTargetDependency */ = {
			isa = PBXTargetDependency;
			target = F8EB20452642B4EA00E897EE /* CodeCoverage */;
			targetProxy = F8EB20682642B4ED00E897EE /* PBXContainerItemProxy */;
		};
/* End PBXTargetDependency section */

/* Begin PBXVariantGroup section */
		F8EB204F2642B4EA00E897EE /* Main.storyboard */ = {
			isa = PBXVariantGroup;
			children = (
				F8EB20502642B4EA00E897EE /* Base */,
			);
			name = Main.storyboard;
			sourceTree = "<group>";
		};
		F8EB20542642B4ED00E897EE /* LaunchScreen.storyboard */ = {
			isa = PBXVariantGroup;
			children = (
				F8EB20552642B4ED00E897EE /* Base */,
			);
			name = LaunchScreen.storyboard;
			sourceTree = "<group>";
		};
/* End PBXVariantGroup section */

/* Begin XCBuildConfiguration section */
		F8EB206E2642B4ED00E897EE /* Debug */ = {
			isa = XCBuildConfiguration;
			buildSettings = {
				ALWAYS_SEARCH_USER_PATHS = NO;
				CLANG_ANALYZER_NONNULL = YES;
				CLANG_ANALYZER_NUMBER_OBJECT_CONVERSION = YES_AGGRESSIVE;
				CLANG_CXX_LANGUAGE_STANDARD = "gnu++14";
				CLANG_CXX_LIBRARY = "libc++";
				CLANG_ENABLE_MODULES = YES;
				CLANG_ENABLE_OBJC_ARC = YES;
				CLANG_ENABLE_OBJC_WEAK = YES;
				CLANG_WARN_BLOCK_CAPTURE_AUTORELEASING = YES;
				CLANG_WARN_BOOL_CONVERSION = YES;
				CLANG_WARN_COMMA = YES;
				CLANG_WARN_CONSTANT_CONVERSION = YES;
				CLANG_WARN_DEPRECATED_OBJC_IMPLEMENTATIONS = YES;
				CLANG_WARN_DIRECT_OBJC_ISA_USAGE = YES_ERROR;
				CLANG_WARN_DOCUMENTATION_COMMENTS = YES;
				CLANG_WARN_EMPTY_BODY = YES;
				CLANG_WARN_ENUM_CONVERSION = YES;
				CLANG_WARN_INFINITE_RECURSION = YES;
				CLANG_WARN_INT_CONVERSION = YES;
				CLANG_WARN_NON_LITERAL_NULL_CONVERSION = YES;
				CLANG_WARN_OBJC_IMPLICIT_RETAIN_SELF = YES;
				CLANG_WARN_OBJC_LITERAL_CONVERSION = YES;
				CLANG_WARN_OBJC_ROOT_CLASS = YES_ERROR;
				CLANG_WARN_QUOTED_INCLUDE_IN_FRAMEWORK_HEADER = YES;
				CLANG_WARN_RANGE_LOOP_ANALYSIS = YES;
				CLANG_WARN_STRICT_PROTOTYPES = YES;
				CLANG_WARN_SUSPICIOUS_MOVE = YES;
				CLANG_WARN_UNGUARDED_AVAILABILITY = YES_AGGRESSIVE;
				CLANG_WARN_UNREACHABLE_CODE = YES;
				CLANG_WARN__DUPLICATE_METHOD_MATCH = YES;
				COPY_PHASE_STRIP = NO;
				DEBUG_INFORMATION_FORMAT = dwarf;
				ENABLE_STRICT_OBJC_MSGSEND = YES;
				ENABLE_TESTABILITY = YES;
				GCC_C_LANGUAGE_STANDARD = gnu11;
				GCC_DYNAMIC_NO_PIC = NO;
				GCC_NO_COMMON_BLOCKS = YES;
				GCC_OPTIMIZATION_LEVEL = 0;
				GCC_PREPROCESSOR_DEFINITIONS = (
					"DEBUG=1",
					"$(inherited)",
				);
				GCC_WARN_64_TO_32_BIT_CONVERSION = YES;
				GCC_WARN_ABOUT_RETURN_TYPE = YES_ERROR;
				GCC_WARN_UNDECLARED_SELECTOR = YES;
				GCC_WARN_UNINITIALIZED_AUTOS = YES_AGGRESSIVE;
				GCC_WARN_UNUSED_FUNCTION = YES;
				GCC_WARN_UNUSED_VARIABLE = YES;
				IPHONEOS_DEPLOYMENT_TARGET = 14.4;
				MTL_ENABLE_DEBUG_INFO = INCLUDE_SOURCE;
				MTL_FAST_MATH = YES;
				ONLY_ACTIVE_ARCH = YES;
				SDKROOT = iphoneos;
				SWIFT_ACTIVE_COMPILATION_CONDITIONS = DEBUG;
				SWIFT_OPTIMIZATION_LEVEL = "-Onone";
			};
			name = Debug;
		};
		F8EB206F2642B4ED00E897EE /* Release */ = {
			isa = XCBuildConfiguration;
			buildSettings = {
				ALWAYS_SEARCH_USER_PATHS = NO;
				CLANG_ANALYZER_NONNULL = YES;
				CLANG_ANALYZER_NUMBER_OBJECT_CONVERSION = YES_AGGRESSIVE;
				CLANG_CXX_LANGUAGE_STANDARD = "gnu++14";
				CLANG_CXX_LIBRARY = "libc++";
				CLANG_ENABLE_MODULES = YES;
				CLANG_ENABLE_OBJC_ARC = YES;
				CLANG_ENABLE_OBJC_WEAK = YES;
				CLANG_WARN_BLOCK_CAPTURE_AUTORELEASING = YES;
				CLANG_WARN_BOOL_CONVERSION = YES;
				CLANG_WARN_COMMA = YES;
				CLANG_WARN_CONSTANT_CONVERSION = YES;
				CLANG_WARN_DEPRECATED_OBJC_IMPLEMENTATIONS = YES;
				CLANG_WARN_DIRECT_OBJC_ISA_USAGE = YES_ERROR;
				CLANG_WARN_DOCUMENTATION_COMMENTS = YES;
				CLANG_WARN_EMPTY_BODY = YES;
				CLANG_WARN_ENUM_CONVERSION = YES;
				CLANG_WARN_INFINITE_RECURSION = YES;
				CLANG_WARN_INT_CONVERSION = YES;
				CLANG_WARN_NON_LITERAL_NULL_CONVERSION = YES;
				CLANG_WARN_OBJC_IMPLICIT_RETAIN_SELF = YES;
				CLANG_WARN_OBJC_LITERAL_CONVERSION = YES;
				CLANG_WARN_OBJC_ROOT_CLASS = YES_ERROR;
				CLANG_WARN_QUOTED_INCLUDE_IN_FRAMEWORK_HEADER = YES;
				CLANG_WARN_RANGE_LOOP_ANALYSIS = YES;
				CLANG_WARN_STRICT_PROTOTYPES = YES;
				CLANG_WARN_SUSPICIOUS_MOVE = YES;
				CLANG_WARN_UNGUARDED_AVAILABILITY = YES_AGGRESSIVE;
				CLANG_WARN_UNREACHABLE_CODE = YES;
				CLANG_WARN__DUPLICATE_METHOD_MATCH = YES;
				COPY_PHASE_STRIP = NO;
				DEBUG_INFORMATION_FORMAT = "dwarf-with-dsym";
				ENABLE_NS_ASSERTIONS = NO;
				ENABLE_STRICT_OBJC_MSGSEND = YES;
				GCC_C_LANGUAGE_STANDARD = gnu11;
				GCC_NO_COMMON_BLOCKS = YES;
				GCC_WARN_64_TO_32_BIT_CONVERSION = YES;
				GCC_WARN_ABOUT_RETURN_TYPE = YES_ERROR;
				GCC_WARN_UNDECLARED_SELECTOR = YES;
				GCC_WARN_UNINITIALIZED_AUTOS = YES_AGGRESSIVE;
				GCC_WARN_UNUSED_FUNCTION = YES;
				GCC_WARN_UNUSED_VARIABLE = YES;
				IPHONEOS_DEPLOYMENT_TARGET = 14.4;
				MTL_ENABLE_DEBUG_INFO = NO;
				MTL_FAST_MATH = YES;
				SDKROOT = iphoneos;
				SWIFT_COMPILATION_MODE = wholemodule;
				SWIFT_OPTIMIZATION_LEVEL = "-O";
				VALIDATE_PRODUCT = YES;
			};
			name = Release;
		};
		F8EB20712642B4ED00E897EE /* Debug */ = {
			isa = XCBuildConfiguration;
			buildSettings = {
				ASSETCATALOG_COMPILER_APPICON_NAME = AppIcon;
				ASSETCATALOG_COMPILER_GLOBAL_ACCENT_COLOR_NAME = AccentColor;
				CODE_SIGN_STYLE = Automatic;
				DEVELOPMENT_TEAM = H5BFNRJ7J5;
				INFOPLIST_FILE = CodeCoverage/Info.plist;
				LD_RUNPATH_SEARCH_PATHS = (
					"$(inherited)",
					"@executable_path/Frameworks",
				);
				PRODUCT_BUNDLE_IDENTIFIER = com.mycompany.CodeCoverage;
				PRODUCT_NAME = "$(TARGET_NAME)";
				SWIFT_VERSION = 5.0;
				TARGETED_DEVICE_FAMILY = "1,2";
			};
			name = Debug;
		};
		F8EB20722642B4ED00E897EE /* Release */ = {
			isa = XCBuildConfiguration;
			buildSettings = {
				ASSETCATALOG_COMPILER_APPICON_NAME = AppIcon;
				ASSETCATALOG_COMPILER_GLOBAL_ACCENT_COLOR_NAME = AccentColor;
				CODE_SIGN_STYLE = Automatic;
				DEVELOPMENT_TEAM = H5BFNRJ7J5;
				INFOPLIST_FILE = CodeCoverage/Info.plist;
				LD_RUNPATH_SEARCH_PATHS = (
					"$(inherited)",
					"@executable_path/Frameworks",
				);
				PRODUCT_BUNDLE_IDENTIFIER = com.mycompany.CodeCoverage;
				PRODUCT_NAME = "$(TARGET_NAME)";
				SWIFT_VERSION = 5.0;
				TARGETED_DEVICE_FAMILY = "1,2";
			};
			name = Release;
		};
		F8EB20742642B4ED00E897EE /* Debug */ = {
			isa = XCBuildConfiguration;
			buildSettings = {
				ALWAYS_EMBED_SWIFT_STANDARD_LIBRARIES = YES;
				BUNDLE_LOADER = "$(TEST_HOST)";
				CLANG_ENABLE_MODULES = YES;
				CODE_SIGN_STYLE = Automatic;
				DEVELOPMENT_TEAM = H5BFNRJ7J5;
				INFOPLIST_FILE = CodeCoverageTests/Info.plist;
				IPHONEOS_DEPLOYMENT_TARGET = 14.4;
				LD_RUNPATH_SEARCH_PATHS = (
					"$(inherited)",
					"@executable_path/Frameworks",
					"@loader_path/Frameworks",
				);
				PRODUCT_BUNDLE_IDENTIFIER = com.mycompany.CodeCoverageTests;
				PRODUCT_NAME = "$(TARGET_NAME)";
				SWIFT_OPTIMIZATION_LEVEL = "-Onone";
				SWIFT_VERSION = 5.0;
				TARGETED_DEVICE_FAMILY = "1,2";
				TEST_HOST = "$(BUILT_PRODUCTS_DIR)/CodeCoverage.app/CodeCoverage";
			};
			name = Debug;
		};
		F8EB20752642B4ED00E897EE /* Release */ = {
			isa = XCBuildConfiguration;
			buildSettings = {
				ALWAYS_EMBED_SWIFT_STANDARD_LIBRARIES = YES;
				BUNDLE_LOADER = "$(TEST_HOST)";
				CLANG_ENABLE_MODULES = YES;
				CODE_SIGN_STYLE = Automatic;
				DEVELOPMENT_TEAM = H5BFNRJ7J5;
				INFOPLIST_FILE = CodeCoverageTests/Info.plist;
				IPHONEOS_DEPLOYMENT_TARGET = 14.4;
				LD_RUNPATH_SEARCH_PATHS = (
					"$(inherited)",
					"@executable_path/Frameworks",
					"@loader_path/Frameworks",
				);
				PRODUCT_BUNDLE_IDENTIFIER = com.mycompany.CodeCoverageTests;
				PRODUCT_NAME = "$(TARGET_NAME)";
				SWIFT_VERSION = 5.0;
				TARGETED_DEVICE_FAMILY = "1,2";
				TEST_HOST = "$(BUILT_PRODUCTS_DIR)/CodeCoverage.app/CodeCoverage";
			};
			name = Release;
		};
		F8EB20772642B4ED00E897EE /* Debug */ = {
			isa = XCBuildConfiguration;
			buildSettings = {
				ALWAYS_EMBED_SWIFT_STANDARD_LIBRARIES = YES;
				CODE_SIGN_STYLE = Automatic;
				DEVELOPMENT_TEAM = H5BFNRJ7J5;
				INFOPLIST_FILE = CodeCoverageUITests/Info.plist;
				LD_RUNPATH_SEARCH_PATHS = (
					"$(inherited)",
					"@executable_path/Frameworks",
					"@loader_path/Frameworks",
				);
				PRODUCT_BUNDLE_IDENTIFIER = com.mycompany.CodeCoverageUITests;
				PRODUCT_NAME = "$(TARGET_NAME)";
				SWIFT_VERSION = 5.0;
				TARGETED_DEVICE_FAMILY = "1,2";
				TEST_TARGET_NAME = CodeCoverage;
			};
			name = Debug;
		};
		F8EB20782642B4ED00E897EE /* Release */ = {
			isa = XCBuildConfiguration;
			buildSettings = {
				ALWAYS_EMBED_SWIFT_STANDARD_LIBRARIES = YES;
				CODE_SIGN_STYLE = Automatic;
				DEVELOPMENT_TEAM = H5BFNRJ7J5;
				INFOPLIST_FILE = CodeCoverageUITests/Info.plist;
				LD_RUNPATH_SEARCH_PATHS = (
					"$(inherited)",
					"@executable_path/Frameworks",
					"@loader_path/Frameworks",
				);
				PRODUCT_BUNDLE_IDENTIFIER = com.mycompany.CodeCoverageUITests;
				PRODUCT_NAME = "$(TARGET_NAME)";
				SWIFT_VERSION = 5.0;
				TARGETED_DEVICE_FAMILY = "1,2";
				TEST_TARGET_NAME = CodeCoverage;
			};
			name = Release;
		};
/* End XCBuildConfiguration section */

/* Begin XCConfigurationList section */
		F8EB20412642B4EA00E897EE /* Build configuration list for PBXProject "CodeCoverage" */ = {
			isa = XCConfigurationList;
			buildConfigurations = (
				F8EB206E2642B4ED00E897EE /* Debug */,
				F8EB206F2642B4ED00E897EE /* Release */,
			);
			defaultConfigurationIsVisible = 0;
			defaultConfigurationName = Release;
		};
		F8EB20702642B4ED00E897EE /* Build configuration list for PBXNativeTarget "CodeCoverage" */ = {
			isa = XCConfigurationList;
			buildConfigurations = (
				F8EB20712642B4ED00E897EE /* Debug */,
				F8EB20722642B4ED00E897EE /* Release */,
			);
			defaultConfigurationIsVisible = 0;
			defaultConfigurationName = Release;
		};
		F8EB20732642B4ED00E897EE /* Build configuration list for PBXNativeTarget "CodeCoverageTests" */ = {
			isa = XCConfigurationList;
			buildConfigurations = (
				F8EB20742642B4ED00E897EE /* Debug */,
				F8EB20752642B4ED00E897EE /* Release */,
			);
			defaultConfigurationIsVisible = 0;
			defaultConfigurationName = Release;
		};
		F8EB20762642B4ED00E897EE /* Build configuration list for PBXNativeTarget "CodeCoverageUITests" */ = {
			isa = XCConfigurationList;
			buildConfigurations = (
				F8EB20772642B4ED00E897EE /* Debug */,
				F8EB20782642B4ED00E897EE /* Release */,
			);
			defaultConfigurationIsVisible = 0;
			defaultConfigurationName = Release;
		};
/* End XCConfigurationList section */
	};
	rootObject = F8EB203E2642B4EA00E897EE /* Project object */;
}
